// !$*UTF8*$!
{
	archiveVersion = 1;
	classes = {
	};
	objectVersion = 55;
	objects = {

/* Begin PBXBuildFile section */
		1F00764F28F27EE300119C5A /* Feature_Login.framework in Frameworks */ = {isa = PBXBuildFile; fileRef = 1F00764E28F27EE300119C5A /* Feature_Login.framework */; };
		1F00765028F27EE300119C5A /* Feature_Login.framework in Embed Frameworks */ = {isa = PBXBuildFile; fileRef = 1F00764E28F27EE300119C5A /* Feature_Login.framework */; settings = {ATTRIBUTES = (CodeSignOnCopy, RemoveHeadersOnCopy, ); }; };
		1FC6E1AB28F27A1E000621C0 /* Shared.framework in Frameworks */ = {isa = PBXBuildFile; fileRef = 1FC6E1AA28F27A1E000621C0 /* Shared.framework */; };
		1FC6E1AC28F27A1E000621C0 /* Shared.framework in Embed Frameworks */ = {isa = PBXBuildFile; fileRef = 1FC6E1AA28F27A1E000621C0 /* Shared.framework */; settings = {ATTRIBUTES = (CodeSignOnCopy, RemoveHeadersOnCopy, ); }; };
		1FCBBF1428EE99F1008329DF /* AppDelegate.swift in Sources */ = {isa = PBXBuildFile; fileRef = 1FCBBF1328EE99F1008329DF /* AppDelegate.swift */; };
		1FCBBF1628EE99F1008329DF /* SceneDelegate.swift in Sources */ = {isa = PBXBuildFile; fileRef = 1FCBBF1528EE99F1008329DF /* SceneDelegate.swift */; };
		1FCBBF1828EE99F1008329DF /* ViewController.swift in Sources */ = {isa = PBXBuildFile; fileRef = 1FCBBF1728EE99F1008329DF /* ViewController.swift */; };
		1FCBBF1B28EE99F1008329DF /* Main.storyboard in Resources */ = {isa = PBXBuildFile; fileRef = 1FCBBF1928EE99F1008329DF /* Main.storyboard */; };
		1FCBBF1D28EE99F2008329DF /* Assets.xcassets in Resources */ = {isa = PBXBuildFile; fileRef = 1FCBBF1C28EE99F2008329DF /* Assets.xcassets */; };
		1FCBBF2028EE99F2008329DF /* LaunchScreen.storyboard in Resources */ = {isa = PBXBuildFile; fileRef = 1FCBBF1E28EE99F2008329DF /* LaunchScreen.storyboard */; };
		1FCBBF2B28EE99F2008329DF /* MyMainAppModularTests.swift in Sources */ = {isa = PBXBuildFile; fileRef = 1FCBBF2A28EE99F2008329DF /* MyMainAppModularTests.swift */; };
		1FCBBF3528EE99F2008329DF /* MyMainAppModularUITests.swift in Sources */ = {isa = PBXBuildFile; fileRef = 1FCBBF3428EE99F2008329DF /* MyMainAppModularUITests.swift */; };
		1FCBBF3728EE99F2008329DF /* MyMainAppModularUITestsLaunchTests.swift in Sources */ = {isa = PBXBuildFile; fileRef = 1FCBBF3628EE99F2008329DF /* MyMainAppModularUITestsLaunchTests.swift */; };
/* End PBXBuildFile section */

/* Begin PBXContainerItemProxy section */
		1FCBBF2728EE99F2008329DF /* PBXContainerItemProxy */ = {
			isa = PBXContainerItemProxy;
			containerPortal = 1FCBBF0828EE99F1008329DF /* Project object */;
			proxyType = 1;
			remoteGlobalIDString = 1FCBBF0F28EE99F1008329DF;
			remoteInfo = MyMainAppModular;
		};
		1FCBBF3128EE99F2008329DF /* PBXContainerItemProxy */ = {
			isa = PBXContainerItemProxy;
			containerPortal = 1FCBBF0828EE99F1008329DF /* Project object */;
			proxyType = 1;
			remoteGlobalIDString = 1FCBBF0F28EE99F1008329DF;
			remoteInfo = MyMainAppModular;
		};
/* End PBXContainerItemProxy section */

/* Begin PBXCopyFilesBuildPhase section */
		1FC6E1AD28F27A1E000621C0 /* Embed Frameworks */ = {
			isa = PBXCopyFilesBuildPhase;
			buildActionMask = 2147483647;
			dstPath = "";
			dstSubfolderSpec = 10;
			files = (
				1FC6E1AC28F27A1E000621C0 /* Shared.framework in Embed Frameworks */,
				1F00765028F27EE300119C5A /* Feature_Login.framework in Embed Frameworks */,
			);
			name = "Embed Frameworks";
			runOnlyForDeploymentPostprocessing = 0;
		};
/* End PBXCopyFilesBuildPhase section */

/* Begin PBXFileReference section */
		1F00764E28F27EE300119C5A /* Feature_Login.framework */ = {isa = PBXFileReference; explicitFileType = wrapper.framework; path = Feature_Login.framework; sourceTree = BUILT_PRODUCTS_DIR; };
		1FC6E1AA28F27A1E000621C0 /* Shared.framework */ = {isa = PBXFileReference; explicitFileType = wrapper.framework; path = Shared.framework; sourceTree = BUILT_PRODUCTS_DIR; };
		1FCBBF1028EE99F1008329DF /* MyMainAppModular.app */ = {isa = PBXFileReference; explicitFileType = wrapper.application; includeInIndex = 0; path = MyMainAppModular.app; sourceTree = BUILT_PRODUCTS_DIR; };
		1FCBBF1328EE99F1008329DF /* AppDelegate.swift */ = {isa = PBXFileReference; lastKnownFileType = sourcecode.swift; path = AppDelegate.swift; sourceTree = "<group>"; };
		1FCBBF1528EE99F1008329DF /* SceneDelegate.swift */ = {isa = PBXFileReference; lastKnownFileType = sourcecode.swift; path = SceneDelegate.swift; sourceTree = "<group>"; };
		1FCBBF1728EE99F1008329DF /* ViewController.swift */ = {isa = PBXFileReference; lastKnownFileType = sourcecode.swift; path = ViewController.swift; sourceTree = "<group>"; };
		1FCBBF1A28EE99F1008329DF /* Base */ = {isa = PBXFileReference; lastKnownFileType = file.storyboard; name = Base; path = Base.lproj/Main.storyboard; sourceTree = "<group>"; };
		1FCBBF1C28EE99F2008329DF /* Assets.xcassets */ = {isa = PBXFileReference; lastKnownFileType = folder.assetcatalog; path = Assets.xcassets; sourceTree = "<group>"; };
		1FCBBF1F28EE99F2008329DF /* Base */ = {isa = PBXFileReference; lastKnownFileType = file.storyboard; name = Base; path = Base.lproj/LaunchScreen.storyboard; sourceTree = "<group>"; };
		1FCBBF2128EE99F2008329DF /* Info.plist */ = {isa = PBXFileReference; lastKnownFileType = text.plist.xml; path = Info.plist; sourceTree = "<group>"; };
		1FCBBF2628EE99F2008329DF /* MyMainAppModularTests.xctest */ = {isa = PBXFileReference; explicitFileType = wrapper.cfbundle; includeInIndex = 0; path = MyMainAppModularTests.xctest; sourceTree = BUILT_PRODUCTS_DIR; };
		1FCBBF2A28EE99F2008329DF /* MyMainAppModularTests.swift */ = {isa = PBXFileReference; lastKnownFileType = sourcecode.swift; path = MyMainAppModularTests.swift; sourceTree = "<group>"; };
		1FCBBF3028EE99F2008329DF /* MyMainAppModularUITests.xctest */ = {isa = PBXFileReference; explicitFileType = wrapper.cfbundle; includeInIndex = 0; path = MyMainAppModularUITests.xctest; sourceTree = BUILT_PRODUCTS_DIR; };
		1FCBBF3428EE99F2008329DF /* MyMainAppModularUITests.swift */ = {isa = PBXFileReference; lastKnownFileType = sourcecode.swift; path = MyMainAppModularUITests.swift; sourceTree = "<group>"; };
		1FCBBF3628EE99F2008329DF /* MyMainAppModularUITestsLaunchTests.swift */ = {isa = PBXFileReference; lastKnownFileType = sourcecode.swift; path = MyMainAppModularUITestsLaunchTests.swift; sourceTree = "<group>"; };
		1FCBBFF728EEA0B2008329DF /* LoginModule.framework */ = {isa = PBXFileReference; explicitFileType = wrapper.framework; path = LoginModule.framework; sourceTree = BUILT_PRODUCTS_DIR; };
		1FCBBFFA28EEA124008329DF /* LoginModule.framework */ = {isa = PBXFileReference; explicitFileType = wrapper.framework; path = LoginModule.framework; sourceTree = BUILT_PRODUCTS_DIR; };
		1FCBBFFC28EEA13D008329DF /* SharedFramework.framework */ = {isa = PBXFileReference; explicitFileType = wrapper.framework; path = SharedFramework.framework; sourceTree = BUILT_PRODUCTS_DIR; };
/* End PBXFileReference section */

/* Begin PBXFrameworksBuildPhase section */
		1FCBBF0D28EE99F1008329DF /* Frameworks */ = {
			isa = PBXFrameworksBuildPhase;
			buildActionMask = 2147483647;
			files = (
				1FC6E1AB28F27A1E000621C0 /* Shared.framework in Frameworks */,
				1F00764F28F27EE300119C5A /* Feature_Login.framework in Frameworks */,
			);
			runOnlyForDeploymentPostprocessing = 0;
		};
		1FCBBF2328EE99F2008329DF /* Frameworks */ = {
			isa = PBXFrameworksBuildPhase;
			buildActionMask = 2147483647;
			files = (
			);
			runOnlyForDeploymentPostprocessing = 0;
		};
		1FCBBF2D28EE99F2008329DF /* Frameworks */ = {
			isa = PBXFrameworksBuildPhase;
			buildActionMask = 2147483647;
			files = (
			);
			runOnlyForDeploymentPostprocessing = 0;
		};
/* End PBXFrameworksBuildPhase section */

/* Begin PBXGroup section */
		1FCBBF0728EE99F1008329DF = {
			isa = PBXGroup;
			children = (
				1FCBBF1228EE99F1008329DF /* MyMainAppModular */,
				1FCBBF2928EE99F2008329DF /* MyMainAppModularTests */,
				1FCBBF3328EE99F2008329DF /* MyMainAppModularUITests */,
				1FCBBF1128EE99F1008329DF /* Products */,
				1FCBBFF628EEA0B2008329DF /* Frameworks */,
			);
			sourceTree = "<group>";
		};
		1FCBBF1128EE99F1008329DF /* Products */ = {
			isa = PBXGroup;
			children = (
				1FCBBF1028EE99F1008329DF /* MyMainAppModular.app */,
				1FCBBF2628EE99F2008329DF /* MyMainAppModularTests.xctest */,
				1FCBBF3028EE99F2008329DF /* MyMainAppModularUITests.xctest */,
			);
			name = Products;
			sourceTree = "<group>";
		};
		1FCBBF1228EE99F1008329DF /* MyMainAppModular */ = {
			isa = PBXGroup;
			children = (
				1FCBBF1328EE99F1008329DF /* AppDelegate.swift */,
				1FCBBF1528EE99F1008329DF /* SceneDelegate.swift */,
				1FCBBF1728EE99F1008329DF /* ViewController.swift */,
				1FCBBF1928EE99F1008329DF /* Main.storyboard */,
				1FCBBF1C28EE99F2008329DF /* Assets.xcassets */,
				1FCBBF1E28EE99F2008329DF /* LaunchScreen.storyboard */,
				1FCBBF2128EE99F2008329DF /* Info.plist */,
			);
			path = MyMainAppModular;
			sourceTree = "<group>";
		};
		1FCBBF2928EE99F2008329DF /* MyMainAppModularTests */ = {
			isa = PBXGroup;
			children = (
				1FCBBF2A28EE99F2008329DF /* MyMainAppModularTests.swift */,
			);
			path = MyMainAppModularTests;
			sourceTree = "<group>";
		};
		1FCBBF3328EE99F2008329DF /* MyMainAppModularUITests */ = {
			isa = PBXGroup;
			children = (
				1FCBBF3428EE99F2008329DF /* MyMainAppModularUITests.swift */,
				1FCBBF3628EE99F2008329DF /* MyMainAppModularUITestsLaunchTests.swift */,
			);
			path = MyMainAppModularUITests;
			sourceTree = "<group>";
		};
		1FCBBFF628EEA0B2008329DF /* Frameworks */ = {
			isa = PBXGroup;
			children = (
				1F00764E28F27EE300119C5A /* Feature_Login.framework */,
				1FC6E1AA28F27A1E000621C0 /* Shared.framework */,
				1FCBBFFC28EEA13D008329DF /* SharedFramework.framework */,
				1FCBBFFA28EEA124008329DF /* LoginModule.framework */,
				1FCBBFF728EEA0B2008329DF /* LoginModule.framework */,
			);
			name = Frameworks;
			sourceTree = "<group>";
		};
/* End PBXGroup section */

/* Begin PBXNativeTarget section */
		1FCBBF0F28EE99F1008329DF /* MyMainAppModular */ = {
			isa = PBXNativeTarget;
			buildConfigurationList = 1FCBBF3A28EE99F2008329DF /* Build configuration list for PBXNativeTarget "MyMainAppModular" */;
			buildPhases = (
				1FCBBF0C28EE99F1008329DF /* Sources */,
				1FCBBF0D28EE99F1008329DF /* Frameworks */,
				1FCBBF0E28EE99F1008329DF /* Resources */,
				1FC6E1AD28F27A1E000621C0 /* Embed Frameworks */,
			);
			buildRules = (
			);
			dependencies = (
			);
			name = MyMainAppModular;
			productName = MyMainAppModular;
			productReference = 1FCBBF1028EE99F1008329DF /* MyMainAppModular.app */;
			productType = "com.apple.product-type.application";
		};
		1FCBBF2528EE99F2008329DF /* MyMainAppModularTests */ = {
			isa = PBXNativeTarget;
			buildConfigurationList = 1FCBBF3D28EE99F2008329DF /* Build configuration list for PBXNativeTarget "MyMainAppModularTests" */;
			buildPhases = (
				1FCBBF2228EE99F2008329DF /* Sources */,
				1FCBBF2328EE99F2008329DF /* Frameworks */,
				1FCBBF2428EE99F2008329DF /* Resources */,
			);
			buildRules = (
			);
			dependencies = (
				1FCBBF2828EE99F2008329DF /* PBXTargetDependency */,
			);
			name = MyMainAppModularTests;
			productName = MyMainAppModularTests;
			productReference = 1FCBBF2628EE99F2008329DF /* MyMainAppModularTests.xctest */;
			productType = "com.apple.product-type.bundle.unit-test";
		};
		1FCBBF2F28EE99F2008329DF /* MyMainAppModularUITests */ = {
			isa = PBXNativeTarget;
			buildConfigurationList = 1FCBBF4028EE99F2008329DF /* Build configuration list for PBXNativeTarget "MyMainAppModularUITests" */;
			buildPhases = (
				1FCBBF2C28EE99F2008329DF /* Sources */,
				1FCBBF2D28EE99F2008329DF /* Frameworks */,
				1FCBBF2E28EE99F2008329DF /* Resources */,
			);
			buildRules = (
			);
			dependencies = (
				1FCBBF3228EE99F2008329DF /* PBXTargetDependency */,
			);
			name = MyMainAppModularUITests;
			productName = MyMainAppModularUITests;
			productReference = 1FCBBF3028EE99F2008329DF /* MyMainAppModularUITests.xctest */;
			productType = "com.apple.product-type.bundle.ui-testing";
		};
/* End PBXNativeTarget section */

/* Begin PBXProject section */
		1FCBBF0828EE99F1008329DF /* Project object */ = {
			isa = PBXProject;
			attributes = {
				BuildIndependentTargetsInParallel = 1;
				LastSwiftUpdateCheck = 1340;
				LastUpgradeCheck = 1340;
				TargetAttributes = {
					1FCBBF0F28EE99F1008329DF = {
						CreatedOnToolsVersion = 13.4.1;
					};
					1FCBBF2528EE99F2008329DF = {
						CreatedOnToolsVersion = 13.4.1;
						TestTargetID = 1FCBBF0F28EE99F1008329DF;
					};
					1FCBBF2F28EE99F2008329DF = {
						CreatedOnToolsVersion = 13.4.1;
						TestTargetID = 1FCBBF0F28EE99F1008329DF;
					};
				};
			};
			buildConfigurationList = 1FCBBF0B28EE99F1008329DF /* Build configuration list for PBXProject "MyMainAppModular" */;
			compatibilityVersion = "Xcode 13.0";
			developmentRegion = en;
			hasScannedForEncodings = 0;
			knownRegions = (
				en,
				Base,
			);
			mainGroup = 1FCBBF0728EE99F1008329DF;
			productRefGroup = 1FCBBF1128EE99F1008329DF /* Products */;
			projectDirPath = "";
			projectRoot = "";
			targets = (
				1FCBBF0F28EE99F1008329DF /* MyMainAppModular */,
				1FCBBF2528EE99F2008329DF /* MyMainAppModularTests */,
				1FCBBF2F28EE99F2008329DF /* MyMainAppModularUITests */,
			);
		};
/* End PBXProject section */

/* Begin PBXResourcesBuildPhase section */
		1FCBBF0E28EE99F1008329DF /* Resources */ = {
			isa = PBXResourcesBuildPhase;
			buildActionMask = 2147483647;
			files = (
				1FCBBF2028EE99F2008329DF /* LaunchScreen.storyboard in Resources */,
				1FCBBF1D28EE99F2008329DF /* Assets.xcassets in Resources */,
				1FCBBF1B28EE99F1008329DF /* Main.storyboard in Resources */,
			);
			runOnlyForDeploymentPostprocessing = 0;
		};
		1FCBBF2428EE99F2008329DF /* Resources */ = {
			isa = PBXResourcesBuildPhase;
			buildActionMask = 2147483647;
			files = (
			);
			runOnlyForDeploymentPostprocessing = 0;
		};
		1FCBBF2E28EE99F2008329DF /* Resources */ = {
			isa = PBXResourcesBuildPhase;
			buildActionMask = 2147483647;
			files = (
			);
			runOnlyForDeploymentPostprocessing = 0;
		};
/* End PBXResourcesBuildPhase section */

/* Begin PBXSourcesBuildPhase section */
		1FCBBF0C28EE99F1008329DF /* Sources */ = {
			isa = PBXSourcesBuildPhase;
			buildActionMask = 2147483647;
			files = (
				1FCBBF1828EE99F1008329DF /* ViewController.swift in Sources */,
				1FCBBF1428EE99F1008329DF /* AppDelegate.swift in Sources */,
				1FCBBF1628EE99F1008329DF /* SceneDelegate.swift in Sources */,
			);
			runOnlyForDeploymentPostprocessing = 0;
		};
		1FCBBF2228EE99F2008329DF /* Sources */ = {
			isa = PBXSourcesBuildPhase;
			buildActionMask = 2147483647;
			files = (
				1FCBBF2B28EE99F2008329DF /* MyMainAppModularTests.swift in Sources */,
			);
			runOnlyForDeploymentPostprocessing = 0;
		};
		1FCBBF2C28EE99F2008329DF /* Sources */ = {
			isa = PBXSourcesBuildPhase;
			buildActionMask = 2147483647;
			files = (
				1FCBBF3728EE99F2008329DF /* MyMainAppModularUITestsLaunchTests.swift in Sources */,
				1FCBBF3528EE99F2008329DF /* MyMainAppModularUITests.swift in Sources */,
			);
			runOnlyForDeploymentPostprocessing = 0;
		};
/* End PBXSourcesBuildPhase section */

/* Begin PBXTargetDependency section */
		1FCBBF2828EE99F2008329DF /* PBXTargetDependency */ = {
			isa = PBXTargetDependency;
			target = 1FCBBF0F28EE99F1008329DF /* MyMainAppModular */;
			targetProxy = 1FCBBF2728EE99F2008329DF /* PBXContainerItemProxy */;
		};
		1FCBBF3228EE99F2008329DF /* PBXTargetDependency */ = {
			isa = PBXTargetDependency;
			target = 1FCBBF0F28EE99F1008329DF /* MyMainAppModular */;
			targetProxy = 1FCBBF3128EE99F2008329DF /* PBXContainerItemProxy */;
		};
/* End PBXTargetDependency section */

/* Begin PBXVariantGroup section */
		1FCBBF1928EE99F1008329DF /* Main.storyboard */ = {
			isa = PBXVariantGroup;
			children = (
				1FCBBF1A28EE99F1008329DF /* Base */,
			);
			name = Main.storyboard;
			sourceTree = "<group>";
		};
		1FCBBF1E28EE99F2008329DF /* LaunchScreen.storyboard */ = {
			isa = PBXVariantGroup;
			children = (
				1FCBBF1F28EE99F2008329DF /* Base */,
			);
			name = LaunchScreen.storyboard;
			sourceTree = "<group>";
		};
/* End PBXVariantGroup section */

/* Begin XCBuildConfiguration section */
		1FCBBF3828EE99F2008329DF /* Debug */ = {
			isa = XCBuildConfiguration;
			buildSettings = {
				ALWAYS_SEARCH_USER_PATHS = NO;
				CLANG_ANALYZER_NONNULL = YES;
				CLANG_ANALYZER_NUMBER_OBJECT_CONVERSION = YES_AGGRESSIVE;
				CLANG_CXX_LANGUAGE_STANDARD = "gnu++17";
				CLANG_ENABLE_MODULES = YES;
				CLANG_ENABLE_OBJC_ARC = YES;
				CLANG_ENABLE_OBJC_WEAK = YES;
				CLANG_WARN_BLOCK_CAPTURE_AUTORELEASING = YES;
				CLANG_WARN_BOOL_CONVERSION = YES;
				CLANG_WARN_COMMA = YES;
				CLANG_WARN_CONSTANT_CONVERSION = YES;
				CLANG_WARN_DEPRECATED_OBJC_IMPLEMENTATIONS = YES;
				CLANG_WARN_DIRECT_OBJC_ISA_USAGE = YES_ERROR;
				CLANG_WARN_DOCUMENTATION_COMMENTS = YES;
				CLANG_WARN_EMPTY_BODY = YES;
				CLANG_WARN_ENUM_CONVERSION = YES;
				CLANG_WARN_INFINITE_RECURSION = YES;
				CLANG_WARN_INT_CONVERSION = YES;
				CLANG_WARN_NON_LITERAL_NULL_CONVERSION = YES;
				CLANG_WARN_OBJC_IMPLICIT_RETAIN_SELF = YES;
				CLANG_WARN_OBJC_LITERAL_CONVERSION = YES;
				CLANG_WARN_OBJC_ROOT_CLASS = YES_ERROR;
				CLANG_WARN_QUOTED_INCLUDE_IN_FRAMEWORK_HEADER = YES;
				CLANG_WARN_RANGE_LOOP_ANALYSIS = YES;
				CLANG_WARN_STRICT_PROTOTYPES = YES;
				CLANG_WARN_SUSPICIOUS_MOVE = YES;
				CLANG_WARN_UNGUARDED_AVAILABILITY = YES_AGGRESSIVE;
				CLANG_WARN_UNREACHABLE_CODE = YES;
				CLANG_WARN__DUPLICATE_METHOD_MATCH = YES;
				COPY_PHASE_STRIP = NO;
				DEBUG_INFORMATION_FORMAT = dwarf;
				ENABLE_STRICT_OBJC_MSGSEND = YES;
				ENABLE_TESTABILITY = YES;
				GCC_C_LANGUAGE_STANDARD = gnu11;
				GCC_DYNAMIC_NO_PIC = NO;
				GCC_NO_COMMON_BLOCKS = YES;
				GCC_OPTIMIZATION_LEVEL = 0;
				GCC_PREPROCESSOR_DEFINITIONS = (
					"DEBUG=1",
					"$(inherited)",
				);
				GCC_WARN_64_TO_32_BIT_CONVERSION = YES;
				GCC_WARN_ABOUT_RETURN_TYPE = YES_ERROR;
				GCC_WARN_UNDECLARED_SELECTOR = YES;
				GCC_WARN_UNINITIALIZED_AUTOS = YES_AGGRESSIVE;
				GCC_WARN_UNUSED_FUNCTION = YES;
				GCC_WARN_UNUSED_VARIABLE = YES;
				IPHONEOS_DEPLOYMENT_TARGET = 15.5;
				MTL_ENABLE_DEBUG_INFO = INCLUDE_SOURCE;
				MTL_FAST_MATH = YES;
				ONLY_ACTIVE_ARCH = YES;
				SDKROOT = iphoneos;
				SWIFT_ACTIVE_COMPILATION_CONDITIONS = DEBUG;
				SWIFT_OPTIMIZATION_LEVEL = "-Onone";
			};
			name = Debug;
		};
		1FCBBF3928EE99F2008329DF /* Release */ = {
			isa = XCBuildConfiguration;
			buildSettings = {
				ALWAYS_SEARCH_USER_PATHS = NO;
				CLANG_ANALYZER_NONNULL = YES;
				CLANG_ANALYZER_NUMBER_OBJECT_CONVERSION = YES_AGGRESSIVE;
				CLANG_CXX_LANGUAGE_STANDARD = "gnu++17";
				CLANG_ENABLE_MODULES = YES;
				CLANG_ENABLE_OBJC_ARC = YES;
				CLANG_ENABLE_OBJC_WEAK = YES;
				CLANG_WARN_BLOCK_CAPTURE_AUTORELEASING = YES;
				CLANG_WARN_BOOL_CONVERSION = YES;
				CLANG_WARN_COMMA = YES;
				CLANG_WARN_CONSTANT_CONVERSION = YES;
				CLANG_WARN_DEPRECATED_OBJC_IMPLEMENTATIONS = YES;
				CLANG_WARN_DIRECT_OBJC_ISA_USAGE = YES_ERROR;
				CLANG_WARN_DOCUMENTATION_COMMENTS = YES;
				CLANG_WARN_EMPTY_BODY = YES;
				CLANG_WARN_ENUM_CONVERSION = YES;
				CLANG_WARN_INFINITE_RECURSION = YES;
				CLANG_WARN_INT_CONVERSION = YES;
				CLANG_WARN_NON_LITERAL_NULL_CONVERSION = YES;
				CLANG_WARN_OBJC_IMPLICIT_RETAIN_SELF = YES;
				CLANG_WARN_OBJC_LITERAL_CONVERSION = YES;
				CLANG_WARN_OBJC_ROOT_CLASS = YES_ERROR;
				CLANG_WARN_QUOTED_INCLUDE_IN_FRAMEWORK_HEADER = YES;
				CLANG_WARN_RANGE_LOOP_ANALYSIS = YES;
				CLANG_WARN_STRICT_PROTOTYPES = YES;
				CLANG_WARN_SUSPICIOUS_MOVE = YES;
				CLANG_WARN_UNGUARDED_AVAILABILITY = YES_AGGRESSIVE;
				CLANG_WARN_UNREACHABLE_CODE = YES;
				CLANG_WARN__DUPLICATE_METHOD_MATCH = YES;
				COPY_PHASE_STRIP = NO;
				DEBUG_INFORMATION_FORMAT = "dwarf-with-dsym";
				ENABLE_NS_ASSERTIONS = NO;
				ENABLE_STRICT_OBJC_MSGSEND = YES;
				GCC_C_LANGUAGE_STANDARD = gnu11;
				GCC_NO_COMMON_BLOCKS = YES;
				GCC_WARN_64_TO_32_BIT_CONVERSION = YES;
				GCC_WARN_ABOUT_RETURN_TYPE = YES_ERROR;
				GCC_WARN_UNDECLARED_SELECTOR = YES;
				GCC_WARN_UNINITIALIZED_AUTOS = YES_AGGRESSIVE;
				GCC_WARN_UNUSED_FUNCTION = YES;
				GCC_WARN_UNUSED_VARIABLE = YES;
				IPHONEOS_DEPLOYMENT_TARGET = 15.5;
				MTL_ENABLE_DEBUG_INFO = NO;
				MTL_FAST_MATH = YES;
				SDKROOT = iphoneos;
				SWIFT_COMPILATION_MODE = wholemodule;
				SWIFT_OPTIMIZATION_LEVEL = "-O";
				VALIDATE_PRODUCT = YES;
			};
			name = Release;
		};
		1FCBBF3B28EE99F2008329DF /* Debug */ = {
			isa = XCBuildConfiguration;
			buildSettings = {
				ASSETCATALOG_COMPILER_APPICON_NAME = AppIcon;
				ASSETCATALOG_COMPILER_GLOBAL_ACCENT_COLOR_NAME = AccentColor;
				CODE_SIGN_STYLE = Automatic;
				CURRENT_PROJECT_VERSION = 1;
				DEVELOPMENT_TEAM = SNTB2L8C6Q;
				GENERATE_INFOPLIST_FILE = YES;
				INFOPLIST_FILE = MyMainAppModular/Info.plist;
				INFOPLIST_KEY_UIApplicationSupportsIndirectInputEvents = YES;
				INFOPLIST_KEY_UILaunchStoryboardName = LaunchScreen;
				INFOPLIST_KEY_UIMainStoryboardFile = Main;
				INFOPLIST_KEY_UISupportedInterfaceOrientations_iPad = "UIInterfaceOrientationPortrait UIInterfaceOrientationPortraitUpsideDown UIInterfaceOrientationLandscapeLeft UIInterfaceOrientationLandscapeRight";
				INFOPLIST_KEY_UISupportedInterfaceOrientations_iPhone = "UIInterfaceOrientationPortrait UIInterfaceOrientationLandscapeLeft UIInterfaceOrientationLandscapeRight";
				LD_RUNPATH_SEARCH_PATHS = (
					"$(inherited)",
					"@executable_path/Frameworks",
				);
				MARKETING_VERSION = 1.0;
				PRODUCT_BUNDLE_IDENTIFIER = com.hcdev.MyMainAppModular;
				PRODUCT_NAME = "$(TARGET_NAME)";
				SWIFT_EMIT_LOC_STRINGS = YES;
				SWIFT_VERSION = 5.0;
				TARGETED_DEVICE_FAMILY = "1,2";
			};
			name = Debug;
		};
		1FCBBF3C28EE99F2008329DF /* Release */ = {
			isa = XCBuildConfiguration;
			buildSettings = {
				ASSETCATALOG_COMPILER_APPICON_NAME = AppIcon;
				ASSETCATALOG_COMPILER_GLOBAL_ACCENT_COLOR_NAME = AccentColor;
				CODE_SIGN_STYLE = Automatic;
				CURRENT_PROJECT_VERSION = 1;
				DEVELOPMENT_TEAM = SNTB2L8C6Q;
				GENERATE_INFOPLIST_FILE = YES;
				INFOPLIST_FILE = MyMainAppModular/Info.plist;
				INFOPLIST_KEY_UIApplicationSupportsIndirectInputEvents = YES;
				INFOPLIST_KEY_UILaunchStoryboardName = LaunchScreen;
				INFOPLIST_KEY_UIMainStoryboardFile = Main;
				INFOPLIST_KEY_UISupportedInterfaceOrientations_iPad = "UIInterfaceOrientationPortrait UIInterfaceOrientationPortraitUpsideDown UIInterfaceOrientationLandscapeLeft UIInterfaceOrientationLandscapeRight";
				INFOPLIST_KEY_UISupportedInterfaceOrientations_iPhone = "UIInterfaceOrientationPortrait UIInterfaceOrientationLandscapeLeft UIInterfaceOrientationLandscapeRight";
				LD_RUNPATH_SEARCH_PATHS = (
					"$(inherited)",
					"@executable_path/Frameworks",
				);
				MARKETING_VERSION = 1.0;
				PRODUCT_BUNDLE_IDENTIFIER = com.hcdev.MyMainAppModular;
				PRODUCT_NAME = "$(TARGET_NAME)";
				SWIFT_EMIT_LOC_STRINGS = YES;
				SWIFT_VERSION = 5.0;
				TARGETED_DEVICE_FAMILY = "1,2";
			};
			name = Release;
		};
		1FCBBF3E28EE99F2008329DF /* Debug */ = {
			isa = XCBuildConfiguration;
			buildSettings = {
				ALWAYS_EMBED_SWIFT_STANDARD_LIBRARIES = YES;
				BUNDLE_LOADER = "$(TEST_HOST)";
				CODE_SIGN_STYLE = Automatic;
				CURRENT_PROJECT_VERSION = 1;
				DEVELOPMENT_TEAM = SNTB2L8C6Q;
				GENERATE_INFOPLIST_FILE = YES;
				IPHONEOS_DEPLOYMENT_TARGET = 15.5;
				MARKETING_VERSION = 1.0;
				PRODUCT_BUNDLE_IDENTIFIER = com.hcdev.MyMainAppModularTests;
				PRODUCT_NAME = "$(TARGET_NAME)";
				SWIFT_EMIT_LOC_STRINGS = NO;
				SWIFT_VERSION = 5.0;
				TARGETED_DEVICE_FAMILY = "1,2";
				TEST_HOST = "$(BUILT_PRODUCTS_DIR)/MyMainAppModular.app/MyMainAppModular";
			};
			name = Debug;
		};
		1FCBBF3F28EE99F2008329DF /* Release */ = {
			isa = XCBuildConfiguration;
			buildSettings = {
				ALWAYS_EMBED_SWIFT_STANDARD_LIBRARIES = YES;
				BUNDLE_LOADER = "$(TEST_HOST)";
				CODE_SIGN_STYLE = Automatic;
				CURRENT_PROJECT_VERSION = 1;
				DEVELOPMENT_TEAM = SNTB2L8C6Q;
				GENERATE_INFOPLIST_FILE = YES;
				IPHONEOS_DEPLOYMENT_TARGET = 15.5;
				MARKETING_VERSION = 1.0;
				PRODUCT_BUNDLE_IDENTIFIER = com.hcdev.MyMainAppModularTests;
				PRODUCT_NAME = "$(TARGET_NAME)";
				SWIFT_EMIT_LOC_STRINGS = NO;
				SWIFT_VERSION = 5.0;
				TARGETED_DEVICE_FAMILY = "1,2";
				TEST_HOST = "$(BUILT_PRODUCTS_DIR)/MyMainAppModular.app/MyMainAppModular";
			};
			name = Release;
		};
		1FCBBF4128EE99F2008329DF /* Debug */ = {
			isa = XCBuildConfiguration;
			buildSettings = {
				ALWAYS_EMBED_SWIFT_STANDARD_LIBRARIES = YES;
				CODE_SIGN_STYLE = Automatic;
				CURRENT_PROJECT_VERSION = 1;
				DEVELOPMENT_TEAM = SNTB2L8C6Q;
				GENERATE_INFOPLIST_FILE = YES;
				MARKETING_VERSION = 1.0;
				PRODUCT_BUNDLE_IDENTIFIER = com.hcdev.MyMainAppModularUITests;
				PRODUCT_NAME = "$(TARGET_NAME)";
				SWIFT_EMIT_LOC_STRINGS = NO;
				SWIFT_VERSION = 5.0;
				TARGETED_DEVICE_FAMILY = "1,2";
				TEST_TARGET_NAME = MyMainAppModular;
			};
			name = Debug;
		};
		1FCBBF4228EE99F2008329DF /* Release */ = {
			isa = XCBuildConfiguration;
			buildSettings = {
				ALWAYS_EMBED_SWIFT_STANDARD_LIBRARIES = YES;
				CODE_SIGN_STYLE = Automatic;
				CURRENT_PROJECT_VERSION = 1;
				DEVELOPMENT_TEAM = SNTB2L8C6Q;
				GENERATE_INFOPLIST_FILE = YES;
				MARKETING_VERSION = 1.0;
				PRODUCT_BUNDLE_IDENTIFIER = com.hcdev.MyMainAppModularUITests;
				PRODUCT_NAME = "$(TARGET_NAME)";
				SWIFT_EMIT_LOC_STRINGS = NO;
				SWIFT_VERSION = 5.0;
				TARGETED_DEVICE_FAMILY = "1,2";
				TEST_TARGET_NAME = MyMainAppModular;
			};
			name = Release;
		};
/* End XCBuildConfiguration section */

/* Begin XCConfigurationList section */
		1FCBBF0B28EE99F1008329DF /* Build configuration list for PBXProject "MyMainAppModular" */ = {
			isa = XCConfigurationList;
			buildConfigurations = (
				1FCBBF3828EE99F2008329DF /* Debug */,
				1FCBBF3928EE99F2008329DF /* Release */,
			);
			defaultConfigurationIsVisible = 0;
			defaultConfigurationName = Release;
		};
		1FCBBF3A28EE99F2008329DF /* Build configuration list for PBXNativeTarget "MyMainAppModular" */ = {
			isa = XCConfigurationList;
			buildConfigurations = (
				1FCBBF3B28EE99F2008329DF /* Debug */,
				1FCBBF3C28EE99F2008329DF /* Release */,
			);
			defaultConfigurationIsVisible = 0;
			defaultConfigurationName = Release;
		};
		1FCBBF3D28EE99F2008329DF /* Build configuration list for PBXNativeTarget "MyMainAppModularTests" */ = {
			isa = XCConfigurationList;
			buildConfigurations = (
				1FCBBF3E28EE99F2008329DF /* Debug */,
				1FCBBF3F28EE99F2008329DF /* Release */,
			);
			defaultConfigurationIsVisible = 0;
			defaultConfigurationName = Release;
		};
		1FCBBF4028EE99F2008329DF /* Build configuration list for PBXNativeTarget "MyMainAppModularUITests" */ = {
			isa = XCConfigurationList;
			buildConfigurations = (
				1FCBBF4128EE99F2008329DF /* Debug */,
				1FCBBF4228EE99F2008329DF /* Release */,
			);
			defaultConfigurationIsVisible = 0;
			defaultConfigurationName = Release;
		};
/* End XCConfigurationList section */
	};
	rootObject = 1FCBBF0828EE99F1008329DF /* Project object */;
}
