// !$*UTF8*$!
{
	archiveVersion = 1;
	classes = {
	};
	objectVersion = 55;
	objects = {

/* Begin PBXBuildFile section */
		1FB5269928F7DE7900B16C5E /* URLSessionHTTPClient.swift in Sources */ = {isa = PBXBuildFile; fileRef = 1FB5269828F7DE7900B16C5E /* URLSessionHTTPClient.swift */; };
		1FCB61D528F68C2300EAB243 /* CoreNetwork.framework in Frameworks */ = {isa = PBXBuildFile; fileRef = 1FCB61CC28F68C2300EAB243 /* CoreNetwork.framework */; };
		1FCB61DA28F68C2300EAB243 /* CoreNetworkTests.swift in Sources */ = {isa = PBXBuildFile; fileRef = 1FCB61D928F68C2300EAB243 /* CoreNetworkTests.swift */; };
		1FCB61DB28F68C2300EAB243 /* CoreNetwork.h in Headers */ = {isa = PBXBuildFile; fileRef = 1FCB61CF28F68C2300EAB243 /* CoreNetwork.h */; settings = {ATTRIBUTES = (Public, ); }; };
		1FCB61E628F68C7C00EAB243 /* HTTPClient.swift in Sources */ = {isa = PBXBuildFile; fileRef = 1FCB61E528F68C7C00EAB243 /* HTTPClient.swift */; };
		1FCB61E828F68D2200EAB243 /* URLSessionHTTPClientError.swift in Sources */ = {isa = PBXBuildFile; fileRef = 1FCB61E728F68D2200EAB243 /* URLSessionHTTPClientError.swift */; };
/* End PBXBuildFile section */

/* Begin PBXContainerItemProxy section */
		1FCB61D628F68C2300EAB243 /* PBXContainerItemProxy */ = {
			isa = PBXContainerItemProxy;
			containerPortal = 1FCB61C328F68C2300EAB243 /* Project object */;
			proxyType = 1;
			remoteGlobalIDString = 1FCB61CB28F68C2300EAB243;
			remoteInfo = CoreNetwork;
		};
/* End PBXContainerItemProxy section */

/* Begin PBXFileReference section */
		1FB5269828F7DE7900B16C5E /* URLSessionHTTPClient.swift */ = {isa = PBXFileReference; lastKnownFileType = sourcecode.swift; path = URLSessionHTTPClient.swift; sourceTree = "<group>"; };
		1FCB61CC28F68C2300EAB243 /* CoreNetwork.framework */ = {isa = PBXFileReference; explicitFileType = wrapper.framework; includeInIndex = 0; path = CoreNetwork.framework; sourceTree = BUILT_PRODUCTS_DIR; };
		1FCB61CF28F68C2300EAB243 /* CoreNetwork.h */ = {isa = PBXFileReference; lastKnownFileType = sourcecode.c.h; path = CoreNetwork.h; sourceTree = "<group>"; };
		1FCB61D428F68C2300EAB243 /* CoreNetworkTests.xctest */ = {isa = PBXFileReference; explicitFileType = wrapper.cfbundle; includeInIndex = 0; path = CoreNetworkTests.xctest; sourceTree = BUILT_PRODUCTS_DIR; };
		1FCB61D928F68C2300EAB243 /* CoreNetworkTests.swift */ = {isa = PBXFileReference; lastKnownFileType = sourcecode.swift; path = CoreNetworkTests.swift; sourceTree = "<group>"; };
		1FCB61E528F68C7C00EAB243 /* HTTPClient.swift */ = {isa = PBXFileReference; lastKnownFileType = sourcecode.swift; path = HTTPClient.swift; sourceTree = "<group>"; };
		1FCB61E728F68D2200EAB243 /* URLSessionHTTPClientError.swift */ = {isa = PBXFileReference; lastKnownFileType = sourcecode.swift; path = URLSessionHTTPClientError.swift; sourceTree = "<group>"; };
/* End PBXFileReference section */

/* Begin PBXFrameworksBuildPhase section */
		1FCB61C928F68C2300EAB243 /* Frameworks */ = {
			isa = PBXFrameworksBuildPhase;
			buildActionMask = 2147483647;
			files = (
			);
			runOnlyForDeploymentPostprocessing = 0;
		};
		1FCB61D128F68C2300EAB243 /* Frameworks */ = {
			isa = PBXFrameworksBuildPhase;
			buildActionMask = 2147483647;
			files = (
				1FCB61D528F68C2300EAB243 /* CoreNetwork.framework in Frameworks */,
			);
			runOnlyForDeploymentPostprocessing = 0;
		};
/* End PBXFrameworksBuildPhase section */

/* Begin PBXGroup section */
		1FCB61C228F68C2300EAB243 = {
			isa = PBXGroup;
			children = (
				1FCB61CE28F68C2300EAB243 /* CoreNetwork */,
				1FCB61D828F68C2300EAB243 /* CoreNetworkTests */,
				1FCB61CD28F68C2300EAB243 /* Products */,
			);
			sourceTree = "<group>";
		};
		1FCB61CD28F68C2300EAB243 /* Products */ = {
			isa = PBXGroup;
			children = (
				1FCB61CC28F68C2300EAB243 /* CoreNetwork.framework */,
				1FCB61D428F68C2300EAB243 /* CoreNetworkTests.xctest */,
			);
			name = Products;
			sourceTree = "<group>";
		};
		1FCB61CE28F68C2300EAB243 /* CoreNetwork */ = {
			isa = PBXGroup;
			children = (
				1FCB61CF28F68C2300EAB243 /* CoreNetwork.h */,
				1FCB61E528F68C7C00EAB243 /* HTTPClient.swift */,
				1FCB61E728F68D2200EAB243 /* URLSessionHTTPClientError.swift */,
				1FB5269828F7DE7900B16C5E /* URLSessionHTTPClient.swift */,
			);
			path = CoreNetwork;
			sourceTree = "<group>";
		};
		1FCB61D828F68C2300EAB243 /* CoreNetworkTests */ = {
			isa = PBXGroup;
			children = (
				1FCB61D928F68C2300EAB243 /* CoreNetworkTests.swift */,
			);
			path = CoreNetworkTests;
			sourceTree = "<group>";
		};
/* End PBXGroup section */

/* Begin PBXHeadersBuildPhase section */
		1FCB61C728F68C2300EAB243 /* Headers */ = {
			isa = PBXHeadersBuildPhase;
			buildActionMask = 2147483647;
			files = (
				1FCB61DB28F68C2300EAB243 /* CoreNetwork.h in Headers */,
			);
			runOnlyForDeploymentPostprocessing = 0;
		};
/* End PBXHeadersBuildPhase section */

/* Begin PBXNativeTarget section */
		1FCB61CB28F68C2300EAB243 /* CoreNetwork */ = {
			isa = PBXNativeTarget;
			buildConfigurationList = 1FCB61DE28F68C2300EAB243 /* Build configuration list for PBXNativeTarget "CoreNetwork" */;
			buildPhases = (
				1FCB61C728F68C2300EAB243 /* Headers */,
				1FCB61C828F68C2300EAB243 /* Sources */,
				1FCB61C928F68C2300EAB243 /* Frameworks */,
				1FCB61CA28F68C2300EAB243 /* Resources */,
			);
			buildRules = (
			);
			dependencies = (
			);
			name = CoreNetwork;
			productName = CoreNetwork;
			productReference = 1FCB61CC28F68C2300EAB243 /* CoreNetwork.framework */;
			productType = "com.apple.product-type.framework";
		};
		1FCB61D328F68C2300EAB243 /* CoreNetworkTests */ = {
			isa = PBXNativeTarget;
			buildConfigurationList = 1FCB61E128F68C2300EAB243 /* Build configuration list for PBXNativeTarget "CoreNetworkTests" */;
			buildPhases = (
				1FCB61D028F68C2300EAB243 /* Sources */,
				1FCB61D128F68C2300EAB243 /* Frameworks */,
				1FCB61D228F68C2300EAB243 /* Resources */,
			);
			buildRules = (
			);
			dependencies = (
				1FCB61D728F68C2300EAB243 /* PBXTargetDependency */,
			);
			name = CoreNetworkTests;
			productName = CoreNetworkTests;
			productReference = 1FCB61D428F68C2300EAB243 /* CoreNetworkTests.xctest */;
			productType = "com.apple.product-type.bundle.unit-test";
		};
/* End PBXNativeTarget section */

/* Begin PBXProject section */
		1FCB61C328F68C2300EAB243 /* Project object */ = {
			isa = PBXProject;
			attributes = {
				BuildIndependentTargetsInParallel = 1;
				LastSwiftUpdateCheck = 1340;
				LastUpgradeCheck = 1340;
				TargetAttributes = {
					1FCB61CB28F68C2300EAB243 = {
						CreatedOnToolsVersion = 13.4.1;
						LastSwiftMigration = 1340;
					};
					1FCB61D328F68C2300EAB243 = {
						CreatedOnToolsVersion = 13.4.1;
					};
				};
			};
			buildConfigurationList = 1FCB61C628F68C2300EAB243 /* Build configuration list for PBXProject "CoreNetwork" */;
			compatibilityVersion = "Xcode 13.0";
			developmentRegion = en;
			hasScannedForEncodings = 0;
			knownRegions = (
				en,
				Base,
			);
			mainGroup = 1FCB61C228F68C2300EAB243;
			productRefGroup = 1FCB61CD28F68C2300EAB243 /* Products */;
			projectDirPath = "";
			projectRoot = "";
			targets = (
				1FCB61CB28F68C2300EAB243 /* CoreNetwork */,
				1FCB61D328F68C2300EAB243 /* CoreNetworkTests */,
			);
		};
/* End PBXProject section */

/* Begin PBXResourcesBuildPhase section */
		1FCB61CA28F68C2300EAB243 /* Resources */ = {
			isa = PBXResourcesBuildPhase;
			buildActionMask = 2147483647;
			files = (
			);
			runOnlyForDeploymentPostprocessing = 0;
		};
		1FCB61D228F68C2300EAB243 /* Resources */ = {
			isa = PBXResourcesBuildPhase;
			buildActionMask = 2147483647;
			files = (
			);
			runOnlyForDeploymentPostprocessing = 0;
		};
/* End PBXResourcesBuildPhase section */

/* Begin PBXSourcesBuildPhase section */
		1FCB61C828F68C2300EAB243 /* Sources */ = {
			isa = PBXSourcesBuildPhase;
			buildActionMask = 2147483647;
			files = (
				1FCB61E828F68D2200EAB243 /* URLSessionHTTPClientError.swift in Sources */,
				1FCB61E628F68C7C00EAB243 /* HTTPClient.swift in Sources */,
				1FB5269928F7DE7900B16C5E /* URLSessionHTTPClient.swift in Sources */,
			);
			runOnlyForDeploymentPostprocessing = 0;
		};
		1FCB61D028F68C2300EAB243 /* Sources */ = {
			isa = PBXSourcesBuildPhase;
			buildActionMask = 2147483647;
			files = (
				1FCB61DA28F68C2300EAB243 /* CoreNetworkTests.swift in Sources */,
			);
			runOnlyForDeploymentPostprocessing = 0;
		};
/* End PBXSourcesBuildPhase section */

/* Begin PBXTargetDependency section */
		1FCB61D728F68C2300EAB243 /* PBXTargetDependency */ = {
			isa = PBXTargetDependency;
			target = 1FCB61CB28F68C2300EAB243 /* CoreNetwork */;
			targetProxy = 1FCB61D628F68C2300EAB243 /* PBXContainerItemProxy */;
		};
/* End PBXTargetDependency section */

/* Begin XCBuildConfiguration section */
		1FCB61DC28F68C2300EAB243 /* Debug */ = {
			isa = XCBuildConfiguration;
			buildSettings = {
				ALWAYS_SEARCH_USER_PATHS = NO;
				CLANG_ANALYZER_NONNULL = YES;
				CLANG_ANALYZER_NUMBER_OBJECT_CONVERSION = YES_AGGRESSIVE;
				CLANG_CXX_LANGUAGE_STANDARD = "gnu++17";
				CLANG_ENABLE_MODULES = YES;
				CLANG_ENABLE_OBJC_ARC = YES;
				CLANG_ENABLE_OBJC_WEAK = YES;
				CLANG_WARN_BLOCK_CAPTURE_AUTORELEASING = YES;
				CLANG_WARN_BOOL_CONVERSION = YES;
				CLANG_WARN_COMMA = YES;
				CLANG_WARN_CONSTANT_CONVERSION = YES;
				CLANG_WARN_DEPRECATED_OBJC_IMPLEMENTATIONS = YES;
				CLANG_WARN_DIRECT_OBJC_ISA_USAGE = YES_ERROR;
				CLANG_WARN_DOCUMENTATION_COMMENTS = YES;
				CLANG_WARN_EMPTY_BODY = YES;
				CLANG_WARN_ENUM_CONVERSION = YES;
				CLANG_WARN_INFINITE_RECURSION = YES;
				CLANG_WARN_INT_CONVERSION = YES;
				CLANG_WARN_NON_LITERAL_NULL_CONVERSION = YES;
				CLANG_WARN_OBJC_IMPLICIT_RETAIN_SELF = YES;
				CLANG_WARN_OBJC_LITERAL_CONVERSION = YES;
				CLANG_WARN_OBJC_ROOT_CLASS = YES_ERROR;
				CLANG_WARN_QUOTED_INCLUDE_IN_FRAMEWORK_HEADER = YES;
				CLANG_WARN_RANGE_LOOP_ANALYSIS = YES;
				CLANG_WARN_STRICT_PROTOTYPES = YES;
				CLANG_WARN_SUSPICIOUS_MOVE = YES;
				CLANG_WARN_UNGUARDED_AVAILABILITY = YES_AGGRESSIVE;
				CLANG_WARN_UNREACHABLE_CODE = YES;
				CLANG_WARN__DUPLICATE_METHOD_MATCH = YES;
				COPY_PHASE_STRIP = NO;
				CURRENT_PROJECT_VERSION = 1;
				DEBUG_INFORMATION_FORMAT = dwarf;
				ENABLE_STRICT_OBJC_MSGSEND = YES;
				ENABLE_TESTABILITY = YES;
				GCC_C_LANGUAGE_STANDARD = gnu11;
				GCC_DYNAMIC_NO_PIC = NO;
				GCC_NO_COMMON_BLOCKS = YES;
				GCC_OPTIMIZATION_LEVEL = 0;
				GCC_PREPROCESSOR_DEFINITIONS = (
					"DEBUG=1",
					"$(inherited)",
				);
				GCC_WARN_64_TO_32_BIT_CONVERSION = YES;
				GCC_WARN_ABOUT_RETURN_TYPE = YES_ERROR;
				GCC_WARN_UNDECLARED_SELECTOR = YES;
				GCC_WARN_UNINITIALIZED_AUTOS = YES_AGGRESSIVE;
				GCC_WARN_UNUSED_FUNCTION = YES;
				GCC_WARN_UNUSED_VARIABLE = YES;
				IPHONEOS_DEPLOYMENT_TARGET = 15.5;
				MTL_ENABLE_DEBUG_INFO = INCLUDE_SOURCE;
				MTL_FAST_MATH = YES;
				ONLY_ACTIVE_ARCH = YES;
				SDKROOT = iphoneos;
				SWIFT_ACTIVE_COMPILATION_CONDITIONS = DEBUG;
				SWIFT_OPTIMIZATION_LEVEL = "-Onone";
				VERSIONING_SYSTEM = "apple-generic";
				VERSION_INFO_PREFIX = "";
			};
			name = Debug;
		};
		1FCB61DD28F68C2300EAB243 /* Release */ = {
			isa = XCBuildConfiguration;
			buildSettings = {
				ALWAYS_SEARCH_USER_PATHS = NO;
				CLANG_ANALYZER_NONNULL = YES;
				CLANG_ANALYZER_NUMBER_OBJECT_CONVERSION = YES_AGGRESSIVE;
				CLANG_CXX_LANGUAGE_STANDARD = "gnu++17";
				CLANG_ENABLE_MODULES = YES;
				CLANG_ENABLE_OBJC_ARC = YES;
				CLANG_ENABLE_OBJC_WEAK = YES;
				CLANG_WARN_BLOCK_CAPTURE_AUTORELEASING = YES;
				CLANG_WARN_BOOL_CONVERSION = YES;
				CLANG_WARN_COMMA = YES;
				CLANG_WARN_CONSTANT_CONVERSION = YES;
				CLANG_WARN_DEPRECATED_OBJC_IMPLEMENTATIONS = YES;
				CLANG_WARN_DIRECT_OBJC_ISA_USAGE = YES_ERROR;
				CLANG_WARN_DOCUMENTATION_COMMENTS = YES;
				CLANG_WARN_EMPTY_BODY = YES;
				CLANG_WARN_ENUM_CONVERSION = YES;
				CLANG_WARN_INFINITE_RECURSION = YES;
				CLANG_WARN_INT_CONVERSION = YES;
				CLANG_WARN_NON_LITERAL_NULL_CONVERSION = YES;
				CLANG_WARN_OBJC_IMPLICIT_RETAIN_SELF = YES;
				CLANG_WARN_OBJC_LITERAL_CONVERSION = YES;
				CLANG_WARN_OBJC_ROOT_CLASS = YES_ERROR;
				CLANG_WARN_QUOTED_INCLUDE_IN_FRAMEWORK_HEADER = YES;
				CLANG_WARN_RANGE_LOOP_ANALYSIS = YES;
				CLANG_WARN_STRICT_PROTOTYPES = YES;
				CLANG_WARN_SUSPICIOUS_MOVE = YES;
				CLANG_WARN_UNGUARDED_AVAILABILITY = YES_AGGRESSIVE;
				CLANG_WARN_UNREACHABLE_CODE = YES;
				CLANG_WARN__DUPLICATE_METHOD_MATCH = YES;
				COPY_PHASE_STRIP = NO;
				CURRENT_PROJECT_VERSION = 1;
				DEBUG_INFORMATION_FORMAT = "dwarf-with-dsym";
				ENABLE_NS_ASSERTIONS = NO;
				ENABLE_STRICT_OBJC_MSGSEND = YES;
				GCC_C_LANGUAGE_STANDARD = gnu11;
				GCC_NO_COMMON_BLOCKS = YES;
				GCC_WARN_64_TO_32_BIT_CONVERSION = YES;
				GCC_WARN_ABOUT_RETURN_TYPE = YES_ERROR;
				GCC_WARN_UNDECLARED_SELECTOR = YES;
				GCC_WARN_UNINITIALIZED_AUTOS = YES_AGGRESSIVE;
				GCC_WARN_UNUSED_FUNCTION = YES;
				GCC_WARN_UNUSED_VARIABLE = YES;
				IPHONEOS_DEPLOYMENT_TARGET = 15.5;
				MTL_ENABLE_DEBUG_INFO = NO;
				MTL_FAST_MATH = YES;
				SDKROOT = iphoneos;
				SWIFT_COMPILATION_MODE = wholemodule;
				SWIFT_OPTIMIZATION_LEVEL = "-O";
				VALIDATE_PRODUCT = YES;
				VERSIONING_SYSTEM = "apple-generic";
				VERSION_INFO_PREFIX = "";
			};
			name = Release;
		};
		1FCB61DF28F68C2300EAB243 /* Debug */ = {
			isa = XCBuildConfiguration;
			buildSettings = {
				CLANG_ENABLE_MODULES = YES;
				CODE_SIGN_STYLE = Automatic;
				CURRENT_PROJECT_VERSION = 1;
				DEFINES_MODULE = YES;
				DEVELOPMENT_TEAM = SNTB2L8C6Q;
				DYLIB_COMPATIBILITY_VERSION = 1;
				DYLIB_CURRENT_VERSION = 1;
				DYLIB_INSTALL_NAME_BASE = "@rpath";
				GENERATE_INFOPLIST_FILE = YES;
				INFOPLIST_KEY_NSHumanReadableCopyright = "";
				INSTALL_PATH = "$(LOCAL_LIBRARY_DIR)/Frameworks";
				LD_RUNPATH_SEARCH_PATHS = (
					"$(inherited)",
					"@executable_path/Frameworks",
					"@loader_path/Frameworks",
				);
				MARKETING_VERSION = 1.0;
				PRODUCT_BUNDLE_IDENTIFIER = com.hcdev.CoreNetwork;
				PRODUCT_NAME = "$(TARGET_NAME:c99extidentifier)";
				SKIP_INSTALL = YES;
				SWIFT_EMIT_LOC_STRINGS = YES;
				SWIFT_OPTIMIZATION_LEVEL = "-Onone";
				SWIFT_VERSION = 5.0;
				TARGETED_DEVICE_FAMILY = "1,2";
			};
			name = Debug;
		};
		1FCB61E028F68C2300EAB243 /* Release */ = {
			isa = XCBuildConfiguration;
			buildSettings = {
				CLANG_ENABLE_MODULES = YES;
				CODE_SIGN_STYLE = Automatic;
				CURRENT_PROJECT_VERSION = 1;
				DEFINES_MODULE = YES;
				DEVELOPMENT_TEAM = SNTB2L8C6Q;
				DYLIB_COMPATIBILITY_VERSION = 1;
				DYLIB_CURRENT_VERSION = 1;
				DYLIB_INSTALL_NAME_BASE = "@rpath";
				GENERATE_INFOPLIST_FILE = YES;
				INFOPLIST_KEY_NSHumanReadableCopyright = "";
				INSTALL_PATH = "$(LOCAL_LIBRARY_DIR)/Frameworks";
				LD_RUNPATH_SEARCH_PATHS = (
					"$(inherited)",
					"@executable_path/Frameworks",
					"@loader_path/Frameworks",
				);
				MARKETING_VERSION = 1.0;
				PRODUCT_BUNDLE_IDENTIFIER = com.hcdev.CoreNetwork;
				PRODUCT_NAME = "$(TARGET_NAME:c99extidentifier)";
				SKIP_INSTALL = YES;
				SWIFT_EMIT_LOC_STRINGS = YES;
				SWIFT_VERSION = 5.0;
				TARGETED_DEVICE_FAMILY = "1,2";
			};
			name = Release;
		};
		1FCB61E228F68C2300EAB243 /* Debug */ = {
			isa = XCBuildConfiguration;
			buildSettings = {
				ALWAYS_EMBED_SWIFT_STANDARD_LIBRARIES = YES;
				CODE_SIGN_STYLE = Automatic;
				CURRENT_PROJECT_VERSION = 1;
				DEVELOPMENT_TEAM = SNTB2L8C6Q;
				GENERATE_INFOPLIST_FILE = YES;
				MARKETING_VERSION = 1.0;
				PRODUCT_BUNDLE_IDENTIFIER = com.hcdev.CoreNetworkTests;
				PRODUCT_NAME = "$(TARGET_NAME)";
				SWIFT_EMIT_LOC_STRINGS = NO;
				SWIFT_VERSION = 5.0;
				TARGETED_DEVICE_FAMILY = "1,2";
			};
			name = Debug;
		};
		1FCB61E328F68C2300EAB243 /* Release */ = {
			isa = XCBuildConfiguration;
			buildSettings = {
				ALWAYS_EMBED_SWIFT_STANDARD_LIBRARIES = YES;
				CODE_SIGN_STYLE = Automatic;
				CURRENT_PROJECT_VERSION = 1;
				DEVELOPMENT_TEAM = SNTB2L8C6Q;
				GENERATE_INFOPLIST_FILE = YES;
				MARKETING_VERSION = 1.0;
				PRODUCT_BUNDLE_IDENTIFIER = com.hcdev.CoreNetworkTests;
				PRODUCT_NAME = "$(TARGET_NAME)";
				SWIFT_EMIT_LOC_STRINGS = NO;
				SWIFT_VERSION = 5.0;
				TARGETED_DEVICE_FAMILY = "1,2";
			};
			name = Release;
		};
/* End XCBuildConfiguration section */

/* Begin XCConfigurationList section */
		1FCB61C628F68C2300EAB243 /* Build configuration list for PBXProject "CoreNetwork" */ = {
			isa = XCConfigurationList;
			buildConfigurations = (
				1FCB61DC28F68C2300EAB243 /* Debug */,
				1FCB61DD28F68C2300EAB243 /* Release */,
			);
			defaultConfigurationIsVisible = 0;
			defaultConfigurationName = Release;
		};
		1FCB61DE28F68C2300EAB243 /* Build configuration list for PBXNativeTarget "CoreNetwork" */ = {
			isa = XCConfigurationList;
			buildConfigurations = (
				1FCB61DF28F68C2300EAB243 /* Debug */,
				1FCB61E028F68C2300EAB243 /* Release */,
			);
			defaultConfigurationIsVisible = 0;
			defaultConfigurationName = Release;
		};
		1FCB61E128F68C2300EAB243 /* Build configuration list for PBXNativeTarget "CoreNetworkTests" */ = {
			isa = XCConfigurationList;
			buildConfigurations = (
				1FCB61E228F68C2300EAB243 /* Debug */,
				1FCB61E328F68C2300EAB243 /* Release */,
			);
			defaultConfigurationIsVisible = 0;
			defaultConfigurationName = Release;
		};
/* End XCConfigurationList section */
	};
	rootObject = 1FCB61C328F68C2300EAB243 /* Project object */;
}
