// !$*UTF8*$!
{
	archiveVersion = 1;
	classes = {
	};
	objectVersion = 55;
	objects = {

/* Begin PBXBuildFile section */
		1F00761128F27B7C00119C5A /* Feature_Login.h in Headers */ = {isa = PBXBuildFile; fileRef = 1F00761028F27B7C00119C5A /* Feature_Login.h */; settings = {ATTRIBUTES = (Public, ); }; };
		1F00761E28F27BDC00119C5A /* AppDelegate.swift in Sources */ = {isa = PBXBuildFile; fileRef = 1F00761D28F27BDC00119C5A /* AppDelegate.swift */; };
		1F00762028F27BDC00119C5A /* SceneDelegate.swift in Sources */ = {isa = PBXBuildFile; fileRef = 1F00761F28F27BDC00119C5A /* SceneDelegate.swift */; };
		1F00762228F27BDC00119C5A /* ViewController.swift in Sources */ = {isa = PBXBuildFile; fileRef = 1F00762128F27BDC00119C5A /* ViewController.swift */; };
		1F00762528F27BDC00119C5A /* Main.storyboard in Resources */ = {isa = PBXBuildFile; fileRef = 1F00762328F27BDC00119C5A /* Main.storyboard */; };
		1F00762728F27BDD00119C5A /* Assets.xcassets in Resources */ = {isa = PBXBuildFile; fileRef = 1F00762628F27BDD00119C5A /* Assets.xcassets */; };
		1F00762A28F27BDD00119C5A /* LaunchScreen.storyboard in Resources */ = {isa = PBXBuildFile; fileRef = 1F00762828F27BDD00119C5A /* LaunchScreen.storyboard */; };
		1F00763528F27BDD00119C5A /* LoginFeatuerTests.swift in Sources */ = {isa = PBXBuildFile; fileRef = 1F00763428F27BDD00119C5A /* LoginFeatuerTests.swift */; };
		1F00763F28F27BDD00119C5A /* LoginFeatuerUITests.swift in Sources */ = {isa = PBXBuildFile; fileRef = 1F00763E28F27BDD00119C5A /* LoginFeatuerUITests.swift */; };
		1F00764128F27BDD00119C5A /* LoginFeatuerUITestsLaunchTests.swift in Sources */ = {isa = PBXBuildFile; fileRef = 1F00764028F27BDD00119C5A /* LoginFeatuerUITestsLaunchTests.swift */; };
		1F00764D28F27C3800119C5A /* LoginCoordinator.swift in Sources */ = {isa = PBXBuildFile; fileRef = 1F00764C28F27C3800119C5A /* LoginCoordinator.swift */; };
		1F00765228F2928600119C5A /* LoginVC.swift in Sources */ = {isa = PBXBuildFile; fileRef = 1F00765128F2928600119C5A /* LoginVC.swift */; };
		1FCDB49528F540930006708A /* Feature_Login.framework in Frameworks */ = {isa = PBXBuildFile; fileRef = 1F00760D28F27B7C00119C5A /* Feature_Login.framework */; };
		1FCDB49628F540930006708A /* Feature_Login.framework in Embed Frameworks */ = {isa = PBXBuildFile; fileRef = 1F00760D28F27B7C00119C5A /* Feature_Login.framework */; settings = {ATTRIBUTES = (CodeSignOnCopy, RemoveHeadersOnCopy, ); }; };
		1FCDB49B28F541870006708A /* Shared.framework in Frameworks */ = {isa = PBXBuildFile; fileRef = 1FCDB49A28F541870006708A /* Shared.framework */; };
		1FCDB49C28F541870006708A /* Shared.framework in Embed Frameworks */ = {isa = PBXBuildFile; fileRef = 1FCDB49A28F541870006708A /* Shared.framework */; settings = {ATTRIBUTES = (CodeSignOnCopy, RemoveHeadersOnCopy, ); }; };
/* End PBXBuildFile section */

/* Begin PBXContainerItemProxy section */
		1F00763128F27BDD00119C5A /* PBXContainerItemProxy */ = {
			isa = PBXContainerItemProxy;
			containerPortal = 1F00760428F27B7C00119C5A /* Project object */;
			proxyType = 1;
			remoteGlobalIDString = 1F00761A28F27BDC00119C5A;
			remoteInfo = LoginFeatuer;
		};
		1F00763B28F27BDD00119C5A /* PBXContainerItemProxy */ = {
			isa = PBXContainerItemProxy;
			containerPortal = 1F00760428F27B7C00119C5A /* Project object */;
			proxyType = 1;
			remoteGlobalIDString = 1F00761A28F27BDC00119C5A;
			remoteInfo = LoginFeatuer;
		};
		1FCDB49728F540930006708A /* PBXContainerItemProxy */ = {
			isa = PBXContainerItemProxy;
			containerPortal = 1F00760428F27B7C00119C5A /* Project object */;
			proxyType = 1;
			remoteGlobalIDString = 1F00760C28F27B7C00119C5A;
			remoteInfo = "Feature-Login";
		};
/* End PBXContainerItemProxy section */

/* Begin PBXCopyFilesBuildPhase section */
		1FCDB49928F540930006708A /* Embed Frameworks */ = {
			isa = PBXCopyFilesBuildPhase;
			buildActionMask = 2147483647;
			dstPath = "";
			dstSubfolderSpec = 10;
			files = (
				1FCDB49628F540930006708A /* Feature_Login.framework in Embed Frameworks */,
				1FCDB49C28F541870006708A /* Shared.framework in Embed Frameworks */,
			);
			name = "Embed Frameworks";
			runOnlyForDeploymentPostprocessing = 0;
		};
/* End PBXCopyFilesBuildPhase section */

/* Begin PBXFileReference section */
		1F00760D28F27B7C00119C5A /* Feature_Login.framework */ = {isa = PBXFileReference; explicitFileType = wrapper.framework; includeInIndex = 0; path = Feature_Login.framework; sourceTree = BUILT_PRODUCTS_DIR; };
		1F00761028F27B7C00119C5A /* Feature_Login.h */ = {isa = PBXFileReference; lastKnownFileType = sourcecode.c.h; path = Feature_Login.h; sourceTree = "<group>"; };
		1F00761B28F27BDC00119C5A /* LoginFeatuer.app */ = {isa = PBXFileReference; explicitFileType = wrapper.application; includeInIndex = 0; path = LoginFeatuer.app; sourceTree = BUILT_PRODUCTS_DIR; };
		1F00761D28F27BDC00119C5A /* AppDelegate.swift */ = {isa = PBXFileReference; lastKnownFileType = sourcecode.swift; path = AppDelegate.swift; sourceTree = "<group>"; };
		1F00761F28F27BDC00119C5A /* SceneDelegate.swift */ = {isa = PBXFileReference; lastKnownFileType = sourcecode.swift; path = SceneDelegate.swift; sourceTree = "<group>"; };
		1F00762128F27BDC00119C5A /* ViewController.swift */ = {isa = PBXFileReference; lastKnownFileType = sourcecode.swift; path = ViewController.swift; sourceTree = "<group>"; };
		1F00762428F27BDC00119C5A /* Base */ = {isa = PBXFileReference; lastKnownFileType = file.storyboard; name = Base; path = Base.lproj/Main.storyboard; sourceTree = "<group>"; };
		1F00762628F27BDD00119C5A /* Assets.xcassets */ = {isa = PBXFileReference; lastKnownFileType = folder.assetcatalog; path = Assets.xcassets; sourceTree = "<group>"; };
		1F00762928F27BDD00119C5A /* Base */ = {isa = PBXFileReference; lastKnownFileType = file.storyboard; name = Base; path = Base.lproj/LaunchScreen.storyboard; sourceTree = "<group>"; };
		1F00762B28F27BDD00119C5A /* Info.plist */ = {isa = PBXFileReference; lastKnownFileType = text.plist.xml; path = Info.plist; sourceTree = "<group>"; };
		1F00763028F27BDD00119C5A /* LoginFeatuerTests.xctest */ = {isa = PBXFileReference; explicitFileType = wrapper.cfbundle; includeInIndex = 0; path = LoginFeatuerTests.xctest; sourceTree = BUILT_PRODUCTS_DIR; };
		1F00763428F27BDD00119C5A /* LoginFeatuerTests.swift */ = {isa = PBXFileReference; lastKnownFileType = sourcecode.swift; path = LoginFeatuerTests.swift; sourceTree = "<group>"; };
		1F00763A28F27BDD00119C5A /* LoginFeatuerUITests.xctest */ = {isa = PBXFileReference; explicitFileType = wrapper.cfbundle; includeInIndex = 0; path = LoginFeatuerUITests.xctest; sourceTree = BUILT_PRODUCTS_DIR; };
		1F00763E28F27BDD00119C5A /* LoginFeatuerUITests.swift */ = {isa = PBXFileReference; lastKnownFileType = sourcecode.swift; path = LoginFeatuerUITests.swift; sourceTree = "<group>"; };
		1F00764028F27BDD00119C5A /* LoginFeatuerUITestsLaunchTests.swift */ = {isa = PBXFileReference; lastKnownFileType = sourcecode.swift; path = LoginFeatuerUITestsLaunchTests.swift; sourceTree = "<group>"; };
		1F00764C28F27C3800119C5A /* LoginCoordinator.swift */ = {isa = PBXFileReference; lastKnownFileType = sourcecode.swift; path = LoginCoordinator.swift; sourceTree = "<group>"; };
		1F00765128F2928600119C5A /* LoginVC.swift */ = {isa = PBXFileReference; lastKnownFileType = sourcecode.swift; path = LoginVC.swift; sourceTree = "<group>"; };
		1FCDB49A28F541870006708A /* Shared.framework */ = {isa = PBXFileReference; explicitFileType = wrapper.framework; path = Shared.framework; sourceTree = BUILT_PRODUCTS_DIR; };
/* End PBXFileReference section */

/* Begin PBXFrameworksBuildPhase section */
		1F00760A28F27B7C00119C5A /* Frameworks */ = {
			isa = PBXFrameworksBuildPhase;
			buildActionMask = 2147483647;
			files = (
			);
			runOnlyForDeploymentPostprocessing = 0;
		};
		1F00761828F27BDC00119C5A /* Frameworks */ = {
			isa = PBXFrameworksBuildPhase;
			buildActionMask = 2147483647;
			files = (
				1FCDB49528F540930006708A /* Feature_Login.framework in Frameworks */,
				1FCDB49B28F541870006708A /* Shared.framework in Frameworks */,
			);
			runOnlyForDeploymentPostprocessing = 0;
		};
		1F00762D28F27BDD00119C5A /* Frameworks */ = {
			isa = PBXFrameworksBuildPhase;
			buildActionMask = 2147483647;
			files = (
			);
			runOnlyForDeploymentPostprocessing = 0;
		};
		1F00763728F27BDD00119C5A /* Frameworks */ = {
			isa = PBXFrameworksBuildPhase;
			buildActionMask = 2147483647;
			files = (
			);
			runOnlyForDeploymentPostprocessing = 0;
		};
/* End PBXFrameworksBuildPhase section */

/* Begin PBXGroup section */
		1F00760328F27B7C00119C5A = {
			isa = PBXGroup;
			children = (
				1F00760F28F27B7C00119C5A /* Feature-Login */,
				1F00761C28F27BDC00119C5A /* LoginFeatuer */,
				1F00763328F27BDD00119C5A /* LoginFeatuerTests */,
				1F00763D28F27BDD00119C5A /* LoginFeatuerUITests */,
				1F00760E28F27B7C00119C5A /* Products */,
				1FCDB49428F540930006708A /* Frameworks */,
			);
			sourceTree = "<group>";
		};
		1F00760E28F27B7C00119C5A /* Products */ = {
			isa = PBXGroup;
			children = (
				1F00760D28F27B7C00119C5A /* Feature_Login.framework */,
				1F00761B28F27BDC00119C5A /* LoginFeatuer.app */,
				1F00763028F27BDD00119C5A /* LoginFeatuerTests.xctest */,
				1F00763A28F27BDD00119C5A /* LoginFeatuerUITests.xctest */,
			);
			name = Products;
			sourceTree = "<group>";
		};
		1F00760F28F27B7C00119C5A /* Feature-Login */ = {
			isa = PBXGroup;
			children = (
				1F00764B28F27C1A00119C5A /* Coordinator */,
				1F00761028F27B7C00119C5A /* Feature_Login.h */,
				1F00765128F2928600119C5A /* LoginVC.swift */,
			);
			path = "Feature-Login";
			sourceTree = "<group>";
		};
		1F00761C28F27BDC00119C5A /* LoginFeatuer */ = {
			isa = PBXGroup;
			children = (
				1F00761D28F27BDC00119C5A /* AppDelegate.swift */,
				1F00761F28F27BDC00119C5A /* SceneDelegate.swift */,
				1F00762128F27BDC00119C5A /* ViewController.swift */,
				1F00762328F27BDC00119C5A /* Main.storyboard */,
				1F00762628F27BDD00119C5A /* Assets.xcassets */,
				1F00762828F27BDD00119C5A /* LaunchScreen.storyboard */,
				1F00762B28F27BDD00119C5A /* Info.plist */,
			);
			path = LoginFeatuer;
			sourceTree = "<group>";
		};
		1F00763328F27BDD00119C5A /* LoginFeatuerTests */ = {
			isa = PBXGroup;
			children = (
				1F00763428F27BDD00119C5A /* LoginFeatuerTests.swift */,
			);
			path = LoginFeatuerTests;
			sourceTree = "<group>";
		};
		1F00763D28F27BDD00119C5A /* LoginFeatuerUITests */ = {
			isa = PBXGroup;
			children = (
				1F00763E28F27BDD00119C5A /* LoginFeatuerUITests.swift */,
				1F00764028F27BDD00119C5A /* LoginFeatuerUITestsLaunchTests.swift */,
			);
			path = LoginFeatuerUITests;
			sourceTree = "<group>";
		};
		1F00764B28F27C1A00119C5A /* Coordinator */ = {
			isa = PBXGroup;
			children = (
				1F00764C28F27C3800119C5A /* LoginCoordinator.swift */,
			);
			path = Coordinator;
			sourceTree = "<group>";
		};
		1FCDB49428F540930006708A /* Frameworks */ = {
			isa = PBXGroup;
			children = (
				1FCDB49A28F541870006708A /* Shared.framework */,
			);
			name = Frameworks;
			sourceTree = "<group>";
		};
/* End PBXGroup section */

/* Begin PBXHeadersBuildPhase section */
		1F00760828F27B7C00119C5A /* Headers */ = {
			isa = PBXHeadersBuildPhase;
			buildActionMask = 2147483647;
			files = (
				1F00761128F27B7C00119C5A /* Feature_Login.h in Headers */,
			);
			runOnlyForDeploymentPostprocessing = 0;
		};
/* End PBXHeadersBuildPhase section */

/* Begin PBXNativeTarget section */
		1F00760C28F27B7C00119C5A /* Feature-Login */ = {
			isa = PBXNativeTarget;
			buildConfigurationList = 1F00761428F27B7C00119C5A /* Build configuration list for PBXNativeTarget "Feature-Login" */;
			buildPhases = (
				1F00760828F27B7C00119C5A /* Headers */,
				1F00760928F27B7C00119C5A /* Sources */,
				1F00760A28F27B7C00119C5A /* Frameworks */,
				1F00760B28F27B7C00119C5A /* Resources */,
			);
			buildRules = (
			);
			dependencies = (
			);
			name = "Feature-Login";
			productName = "Feature-Login";
			productReference = 1F00760D28F27B7C00119C5A /* Feature_Login.framework */;
			productType = "com.apple.product-type.framework";
		};
		1F00761A28F27BDC00119C5A /* LoginFeatuer */ = {
			isa = PBXNativeTarget;
			buildConfigurationList = 1F00764228F27BDD00119C5A /* Build configuration list for PBXNativeTarget "LoginFeatuer" */;
			buildPhases = (
				1F00761728F27BDC00119C5A /* Sources */,
				1F00761828F27BDC00119C5A /* Frameworks */,
				1F00761928F27BDC00119C5A /* Resources */,
				1FCDB49928F540930006708A /* Embed Frameworks */,
			);
			buildRules = (
			);
			dependencies = (
				1FCDB49828F540930006708A /* PBXTargetDependency */,
			);
			name = LoginFeatuer;
			productName = LoginFeatuer;
			productReference = 1F00761B28F27BDC00119C5A /* LoginFeatuer.app */;
			productType = "com.apple.product-type.application";
		};
		1F00762F28F27BDD00119C5A /* LoginFeatuerTests */ = {
			isa = PBXNativeTarget;
			buildConfigurationList = 1F00764528F27BDD00119C5A /* Build configuration list for PBXNativeTarget "LoginFeatuerTests" */;
			buildPhases = (
				1F00762C28F27BDD00119C5A /* Sources */,
				1F00762D28F27BDD00119C5A /* Frameworks */,
				1F00762E28F27BDD00119C5A /* Resources */,
			);
			buildRules = (
			);
			dependencies = (
				1F00763228F27BDD00119C5A /* PBXTargetDependency */,
			);
			name = LoginFeatuerTests;
			productName = LoginFeatuerTests;
			productReference = 1F00763028F27BDD00119C5A /* LoginFeatuerTests.xctest */;
			productType = "com.apple.product-type.bundle.unit-test";
		};
		1F00763928F27BDD00119C5A /* LoginFeatuerUITests */ = {
			isa = PBXNativeTarget;
			buildConfigurationList = 1F00764828F27BDD00119C5A /* Build configuration list for PBXNativeTarget "LoginFeatuerUITests" */;
			buildPhases = (
				1F00763628F27BDD00119C5A /* Sources */,
				1F00763728F27BDD00119C5A /* Frameworks */,
				1F00763828F27BDD00119C5A /* Resources */,
			);
			buildRules = (
			);
			dependencies = (
				1F00763C28F27BDD00119C5A /* PBXTargetDependency */,
			);
			name = LoginFeatuerUITests;
			productName = LoginFeatuerUITests;
			productReference = 1F00763A28F27BDD00119C5A /* LoginFeatuerUITests.xctest */;
			productType = "com.apple.product-type.bundle.ui-testing";
		};
/* End PBXNativeTarget section */

/* Begin PBXProject section */
		1F00760428F27B7C00119C5A /* Project object */ = {
			isa = PBXProject;
			attributes = {
				BuildIndependentTargetsInParallel = 1;
				LastSwiftUpdateCheck = 1340;
				LastUpgradeCheck = 1340;
				TargetAttributes = {
					1F00760C28F27B7C00119C5A = {
						CreatedOnToolsVersion = 13.4.1;
						LastSwiftMigration = 1340;
					};
					1F00761A28F27BDC00119C5A = {
						CreatedOnToolsVersion = 13.4.1;
					};
					1F00762F28F27BDD00119C5A = {
						CreatedOnToolsVersion = 13.4.1;
						TestTargetID = 1F00761A28F27BDC00119C5A;
					};
					1F00763928F27BDD00119C5A = {
						CreatedOnToolsVersion = 13.4.1;
						TestTargetID = 1F00761A28F27BDC00119C5A;
					};
				};
			};
			buildConfigurationList = 1F00760728F27B7C00119C5A /* Build configuration list for PBXProject "Feature-Login" */;
			compatibilityVersion = "Xcode 13.0";
			developmentRegion = en;
			hasScannedForEncodings = 0;
			knownRegions = (
				en,
				Base,
			);
			mainGroup = 1F00760328F27B7C00119C5A;
			productRefGroup = 1F00760E28F27B7C00119C5A /* Products */;
			projectDirPath = "";
			projectRoot = "";
			targets = (
				1F00760C28F27B7C00119C5A /* Feature-Login */,
				1F00761A28F27BDC00119C5A /* LoginFeatuer */,
				1F00762F28F27BDD00119C5A /* LoginFeatuerTests */,
				1F00763928F27BDD00119C5A /* LoginFeatuerUITests */,
			);
		};
/* End PBXProject section */

/* Begin PBXResourcesBuildPhase section */
		1F00760B28F27B7C00119C5A /* Resources */ = {
			isa = PBXResourcesBuildPhase;
			buildActionMask = 2147483647;
			files = (
			);
			runOnlyForDeploymentPostprocessing = 0;
		};
		1F00761928F27BDC00119C5A /* Resources */ = {
			isa = PBXResourcesBuildPhase;
			buildActionMask = 2147483647;
			files = (
				1F00762A28F27BDD00119C5A /* LaunchScreen.storyboard in Resources */,
				1F00762728F27BDD00119C5A /* Assets.xcassets in Resources */,
				1F00762528F27BDC00119C5A /* Main.storyboard in Resources */,
			);
			runOnlyForDeploymentPostprocessing = 0;
		};
		1F00762E28F27BDD00119C5A /* Resources */ = {
			isa = PBXResourcesBuildPhase;
			buildActionMask = 2147483647;
			files = (
			);
			runOnlyForDeploymentPostprocessing = 0;
		};
		1F00763828F27BDD00119C5A /* Resources */ = {
			isa = PBXResourcesBuildPhase;
			buildActionMask = 2147483647;
			files = (
			);
			runOnlyForDeploymentPostprocessing = 0;
		};
/* End PBXResourcesBuildPhase section */

/* Begin PBXSourcesBuildPhase section */
		1F00760928F27B7C00119C5A /* Sources */ = {
			isa = PBXSourcesBuildPhase;
			buildActionMask = 2147483647;
			files = (
				1F00765228F2928600119C5A /* LoginVC.swift in Sources */,
				1F00764D28F27C3800119C5A /* LoginCoordinator.swift in Sources */,
			);
			runOnlyForDeploymentPostprocessing = 0;
		};
		1F00761728F27BDC00119C5A /* Sources */ = {
			isa = PBXSourcesBuildPhase;
			buildActionMask = 2147483647;
			files = (
				1F00762228F27BDC00119C5A /* ViewController.swift in Sources */,
				1F00761E28F27BDC00119C5A /* AppDelegate.swift in Sources */,
				1F00762028F27BDC00119C5A /* SceneDelegate.swift in Sources */,
			);
			runOnlyForDeploymentPostprocessing = 0;
		};
		1F00762C28F27BDD00119C5A /* Sources */ = {
			isa = PBXSourcesBuildPhase;
			buildActionMask = 2147483647;
			files = (
				1F00763528F27BDD00119C5A /* LoginFeatuerTests.swift in Sources */,
			);
			runOnlyForDeploymentPostprocessing = 0;
		};
		1F00763628F27BDD00119C5A /* Sources */ = {
			isa = PBXSourcesBuildPhase;
			buildActionMask = 2147483647;
			files = (
				1F00763F28F27BDD00119C5A /* LoginFeatuerUITests.swift in Sources */,
				1F00764128F27BDD00119C5A /* LoginFeatuerUITestsLaunchTests.swift in Sources */,
			);
			runOnlyForDeploymentPostprocessing = 0;
		};
/* End PBXSourcesBuildPhase section */

/* Begin PBXTargetDependency section */
		1F00763228F27BDD00119C5A /* PBXTargetDependency */ = {
			isa = PBXTargetDependency;
			target = 1F00761A28F27BDC00119C5A /* LoginFeatuer */;
			targetProxy = 1F00763128F27BDD00119C5A /* PBXContainerItemProxy */;
		};
		1F00763C28F27BDD00119C5A /* PBXTargetDependency */ = {
			isa = PBXTargetDependency;
			target = 1F00761A28F27BDC00119C5A /* LoginFeatuer */;
			targetProxy = 1F00763B28F27BDD00119C5A /* PBXContainerItemProxy */;
		};
		1FCDB49828F540930006708A /* PBXTargetDependency */ = {
			isa = PBXTargetDependency;
			target = 1F00760C28F27B7C00119C5A /* Feature-Login */;
			targetProxy = 1FCDB49728F540930006708A /* PBXContainerItemProxy */;
		};
/* End PBXTargetDependency section */

/* Begin PBXVariantGroup section */
		1F00762328F27BDC00119C5A /* Main.storyboard */ = {
			isa = PBXVariantGroup;
			children = (
				1F00762428F27BDC00119C5A /* Base */,
			);
			name = Main.storyboard;
			sourceTree = "<group>";
		};
		1F00762828F27BDD00119C5A /* LaunchScreen.storyboard */ = {
			isa = PBXVariantGroup;
			children = (
				1F00762928F27BDD00119C5A /* Base */,
			);
			name = LaunchScreen.storyboard;
			sourceTree = "<group>";
		};
/* End PBXVariantGroup section */

/* Begin XCBuildConfiguration section */
		1F00761228F27B7C00119C5A /* Debug */ = {
			isa = XCBuildConfiguration;
			buildSettings = {
				ALWAYS_SEARCH_USER_PATHS = NO;
				CLANG_ANALYZER_NONNULL = YES;
				CLANG_ANALYZER_NUMBER_OBJECT_CONVERSION = YES_AGGRESSIVE;
				CLANG_CXX_LANGUAGE_STANDARD = "gnu++17";
				CLANG_ENABLE_MODULES = YES;
				CLANG_ENABLE_OBJC_ARC = YES;
				CLANG_ENABLE_OBJC_WEAK = YES;
				CLANG_WARN_BLOCK_CAPTURE_AUTORELEASING = YES;
				CLANG_WARN_BOOL_CONVERSION = YES;
				CLANG_WARN_COMMA = YES;
				CLANG_WARN_CONSTANT_CONVERSION = YES;
				CLANG_WARN_DEPRECATED_OBJC_IMPLEMENTATIONS = YES;
				CLANG_WARN_DIRECT_OBJC_ISA_USAGE = YES_ERROR;
				CLANG_WARN_DOCUMENTATION_COMMENTS = YES;
				CLANG_WARN_EMPTY_BODY = YES;
				CLANG_WARN_ENUM_CONVERSION = YES;
				CLANG_WARN_INFINITE_RECURSION = YES;
				CLANG_WARN_INT_CONVERSION = YES;
				CLANG_WARN_NON_LITERAL_NULL_CONVERSION = YES;
				CLANG_WARN_OBJC_IMPLICIT_RETAIN_SELF = YES;
				CLANG_WARN_OBJC_LITERAL_CONVERSION = YES;
				CLANG_WARN_OBJC_ROOT_CLASS = YES_ERROR;
				CLANG_WARN_QUOTED_INCLUDE_IN_FRAMEWORK_HEADER = YES;
				CLANG_WARN_RANGE_LOOP_ANALYSIS = YES;
				CLANG_WARN_STRICT_PROTOTYPES = YES;
				CLANG_WARN_SUSPICIOUS_MOVE = YES;
				CLANG_WARN_UNGUARDED_AVAILABILITY = YES_AGGRESSIVE;
				CLANG_WARN_UNREACHABLE_CODE = YES;
				CLANG_WARN__DUPLICATE_METHOD_MATCH = YES;
				COPY_PHASE_STRIP = NO;
				CURRENT_PROJECT_VERSION = 1;
				DEBUG_INFORMATION_FORMAT = dwarf;
				ENABLE_STRICT_OBJC_MSGSEND = YES;
				ENABLE_TESTABILITY = YES;
				GCC_C_LANGUAGE_STANDARD = gnu11;
				GCC_DYNAMIC_NO_PIC = NO;
				GCC_NO_COMMON_BLOCKS = YES;
				GCC_OPTIMIZATION_LEVEL = 0;
				GCC_PREPROCESSOR_DEFINITIONS = (
					"DEBUG=1",
					"$(inherited)",
				);
				GCC_WARN_64_TO_32_BIT_CONVERSION = YES;
				GCC_WARN_ABOUT_RETURN_TYPE = YES_ERROR;
				GCC_WARN_UNDECLARED_SELECTOR = YES;
				GCC_WARN_UNINITIALIZED_AUTOS = YES_AGGRESSIVE;
				GCC_WARN_UNUSED_FUNCTION = YES;
				GCC_WARN_UNUSED_VARIABLE = YES;
				IPHONEOS_DEPLOYMENT_TARGET = 15.5;
				MTL_ENABLE_DEBUG_INFO = INCLUDE_SOURCE;
				MTL_FAST_MATH = YES;
				ONLY_ACTIVE_ARCH = YES;
				SDKROOT = iphoneos;
				SWIFT_ACTIVE_COMPILATION_CONDITIONS = DEBUG;
				SWIFT_OPTIMIZATION_LEVEL = "-Onone";
				VERSIONING_SYSTEM = "apple-generic";
				VERSION_INFO_PREFIX = "";
			};
			name = Debug;
		};
		1F00761328F27B7C00119C5A /* Release */ = {
			isa = XCBuildConfiguration;
			buildSettings = {
				ALWAYS_SEARCH_USER_PATHS = NO;
				CLANG_ANALYZER_NONNULL = YES;
				CLANG_ANALYZER_NUMBER_OBJECT_CONVERSION = YES_AGGRESSIVE;
				CLANG_CXX_LANGUAGE_STANDARD = "gnu++17";
				CLANG_ENABLE_MODULES = YES;
				CLANG_ENABLE_OBJC_ARC = YES;
				CLANG_ENABLE_OBJC_WEAK = YES;
				CLANG_WARN_BLOCK_CAPTURE_AUTORELEASING = YES;
				CLANG_WARN_BOOL_CONVERSION = YES;
				CLANG_WARN_COMMA = YES;
				CLANG_WARN_CONSTANT_CONVERSION = YES;
				CLANG_WARN_DEPRECATED_OBJC_IMPLEMENTATIONS = YES;
				CLANG_WARN_DIRECT_OBJC_ISA_USAGE = YES_ERROR;
				CLANG_WARN_DOCUMENTATION_COMMENTS = YES;
				CLANG_WARN_EMPTY_BODY = YES;
				CLANG_WARN_ENUM_CONVERSION = YES;
				CLANG_WARN_INFINITE_RECURSION = YES;
				CLANG_WARN_INT_CONVERSION = YES;
				CLANG_WARN_NON_LITERAL_NULL_CONVERSION = YES;
				CLANG_WARN_OBJC_IMPLICIT_RETAIN_SELF = YES;
				CLANG_WARN_OBJC_LITERAL_CONVERSION = YES;
				CLANG_WARN_OBJC_ROOT_CLASS = YES_ERROR;
				CLANG_WARN_QUOTED_INCLUDE_IN_FRAMEWORK_HEADER = YES;
				CLANG_WARN_RANGE_LOOP_ANALYSIS = YES;
				CLANG_WARN_STRICT_PROTOTYPES = YES;
				CLANG_WARN_SUSPICIOUS_MOVE = YES;
				CLANG_WARN_UNGUARDED_AVAILABILITY = YES_AGGRESSIVE;
				CLANG_WARN_UNREACHABLE_CODE = YES;
				CLANG_WARN__DUPLICATE_METHOD_MATCH = YES;
				COPY_PHASE_STRIP = NO;
				CURRENT_PROJECT_VERSION = 1;
				DEBUG_INFORMATION_FORMAT = "dwarf-with-dsym";
				ENABLE_NS_ASSERTIONS = NO;
				ENABLE_STRICT_OBJC_MSGSEND = YES;
				GCC_C_LANGUAGE_STANDARD = gnu11;
				GCC_NO_COMMON_BLOCKS = YES;
				GCC_WARN_64_TO_32_BIT_CONVERSION = YES;
				GCC_WARN_ABOUT_RETURN_TYPE = YES_ERROR;
				GCC_WARN_UNDECLARED_SELECTOR = YES;
				GCC_WARN_UNINITIALIZED_AUTOS = YES_AGGRESSIVE;
				GCC_WARN_UNUSED_FUNCTION = YES;
				GCC_WARN_UNUSED_VARIABLE = YES;
				IPHONEOS_DEPLOYMENT_TARGET = 15.5;
				MTL_ENABLE_DEBUG_INFO = NO;
				MTL_FAST_MATH = YES;
				SDKROOT = iphoneos;
				SWIFT_COMPILATION_MODE = wholemodule;
				SWIFT_OPTIMIZATION_LEVEL = "-O";
				VALIDATE_PRODUCT = YES;
				VERSIONING_SYSTEM = "apple-generic";
				VERSION_INFO_PREFIX = "";
			};
			name = Release;
		};
		1F00761528F27B7C00119C5A /* Debug */ = {
			isa = XCBuildConfiguration;
			buildSettings = {
				CLANG_ENABLE_MODULES = YES;
				CODE_SIGN_STYLE = Automatic;
				CURRENT_PROJECT_VERSION = 1;
				DEFINES_MODULE = YES;
				DEVELOPMENT_TEAM = SNTB2L8C6Q;
				DYLIB_COMPATIBILITY_VERSION = 1;
				DYLIB_CURRENT_VERSION = 1;
				DYLIB_INSTALL_NAME_BASE = "@rpath";
				GENERATE_INFOPLIST_FILE = YES;
				INFOPLIST_KEY_NSHumanReadableCopyright = "";
				INSTALL_PATH = "$(LOCAL_LIBRARY_DIR)/Frameworks";
				LD_RUNPATH_SEARCH_PATHS = (
					"$(inherited)",
					"@executable_path/Frameworks",
					"@loader_path/Frameworks",
				);
				MARKETING_VERSION = 1.0;
				PRODUCT_BUNDLE_IDENTIFIER = "com.hcdev.Feature-Login";
				PRODUCT_NAME = "$(TARGET_NAME:c99extidentifier)";
				SKIP_INSTALL = YES;
				SWIFT_EMIT_LOC_STRINGS = YES;
				SWIFT_OPTIMIZATION_LEVEL = "-Onone";
				SWIFT_VERSION = 5.0;
				TARGETED_DEVICE_FAMILY = "1,2";
			};
			name = Debug;
		};
		1F00761628F27B7C00119C5A /* Release */ = {
			isa = XCBuildConfiguration;
			buildSettings = {
				CLANG_ENABLE_MODULES = YES;
				CODE_SIGN_STYLE = Automatic;
				CURRENT_PROJECT_VERSION = 1;
				DEFINES_MODULE = YES;
				DEVELOPMENT_TEAM = SNTB2L8C6Q;
				DYLIB_COMPATIBILITY_VERSION = 1;
				DYLIB_CURRENT_VERSION = 1;
				DYLIB_INSTALL_NAME_BASE = "@rpath";
				GENERATE_INFOPLIST_FILE = YES;
				INFOPLIST_KEY_NSHumanReadableCopyright = "";
				INSTALL_PATH = "$(LOCAL_LIBRARY_DIR)/Frameworks";
				LD_RUNPATH_SEARCH_PATHS = (
					"$(inherited)",
					"@executable_path/Frameworks",
					"@loader_path/Frameworks",
				);
				MARKETING_VERSION = 1.0;
				PRODUCT_BUNDLE_IDENTIFIER = "com.hcdev.Feature-Login";
				PRODUCT_NAME = "$(TARGET_NAME:c99extidentifier)";
				SKIP_INSTALL = YES;
				SWIFT_EMIT_LOC_STRINGS = YES;
				SWIFT_VERSION = 5.0;
				TARGETED_DEVICE_FAMILY = "1,2";
			};
			name = Release;
		};
		1F00764328F27BDD00119C5A /* Debug */ = {
			isa = XCBuildConfiguration;
			buildSettings = {
				ASSETCATALOG_COMPILER_APPICON_NAME = AppIcon;
				ASSETCATALOG_COMPILER_GLOBAL_ACCENT_COLOR_NAME = AccentColor;
				CODE_SIGN_STYLE = Automatic;
				CURRENT_PROJECT_VERSION = 1;
				DEVELOPMENT_TEAM = SNTB2L8C6Q;
				GENERATE_INFOPLIST_FILE = YES;
				INFOPLIST_FILE = LoginFeatuer/Info.plist;
				INFOPLIST_KEY_UIApplicationSupportsIndirectInputEvents = YES;
				INFOPLIST_KEY_UILaunchStoryboardName = LaunchScreen;
				INFOPLIST_KEY_UIMainStoryboardFile = Main;
				INFOPLIST_KEY_UISupportedInterfaceOrientations = "UIInterfaceOrientationPortrait UIInterfaceOrientationLandscapeRight UIInterfaceOrientationLandscapeLeft";
				INFOPLIST_KEY_UISupportedInterfaceOrientations_iPad = "UIInterfaceOrientationPortrait UIInterfaceOrientationPortraitUpsideDown UIInterfaceOrientationLandscapeLeft UIInterfaceOrientationLandscapeRight";
				INFOPLIST_KEY_UISupportedInterfaceOrientations_iPhone = "UIInterfaceOrientationPortrait UIInterfaceOrientationLandscapeLeft UIInterfaceOrientationLandscapeRight";
				LD_RUNPATH_SEARCH_PATHS = (
					"$(inherited)",
					"@executable_path/Frameworks",
				);
				MARKETING_VERSION = 1.0;
				PRODUCT_BUNDLE_IDENTIFIER = com.hcdev.LoginFeatuer;
				PRODUCT_NAME = "$(TARGET_NAME)";
				SWIFT_EMIT_LOC_STRINGS = YES;
				SWIFT_VERSION = 5.0;
				TARGETED_DEVICE_FAMILY = 1;
			};
			name = Debug;
		};
		1F00764428F27BDD00119C5A /* Release */ = {
			isa = XCBuildConfiguration;
			buildSettings = {
				ASSETCATALOG_COMPILER_APPICON_NAME = AppIcon;
				ASSETCATALOG_COMPILER_GLOBAL_ACCENT_COLOR_NAME = AccentColor;
				CODE_SIGN_STYLE = Automatic;
				CURRENT_PROJECT_VERSION = 1;
				DEVELOPMENT_TEAM = SNTB2L8C6Q;
				GENERATE_INFOPLIST_FILE = YES;
				INFOPLIST_FILE = LoginFeatuer/Info.plist;
				INFOPLIST_KEY_UIApplicationSupportsIndirectInputEvents = YES;
				INFOPLIST_KEY_UILaunchStoryboardName = LaunchScreen;
				INFOPLIST_KEY_UIMainStoryboardFile = Main;
				INFOPLIST_KEY_UISupportedInterfaceOrientations = "UIInterfaceOrientationPortrait UIInterfaceOrientationLandscapeRight UIInterfaceOrientationLandscapeLeft";
				INFOPLIST_KEY_UISupportedInterfaceOrientations_iPad = "UIInterfaceOrientationPortrait UIInterfaceOrientationPortraitUpsideDown UIInterfaceOrientationLandscapeLeft UIInterfaceOrientationLandscapeRight";
				INFOPLIST_KEY_UISupportedInterfaceOrientations_iPhone = "UIInterfaceOrientationPortrait UIInterfaceOrientationLandscapeLeft UIInterfaceOrientationLandscapeRight";
				LD_RUNPATH_SEARCH_PATHS = (
					"$(inherited)",
					"@executable_path/Frameworks",
				);
				MARKETING_VERSION = 1.0;
				PRODUCT_BUNDLE_IDENTIFIER = com.hcdev.LoginFeatuer;
				PRODUCT_NAME = "$(TARGET_NAME)";
				SWIFT_EMIT_LOC_STRINGS = YES;
				SWIFT_VERSION = 5.0;
				TARGETED_DEVICE_FAMILY = 1;
			};
			name = Release;
		};
		1F00764628F27BDD00119C5A /* Debug */ = {
			isa = XCBuildConfiguration;
			buildSettings = {
				ALWAYS_EMBED_SWIFT_STANDARD_LIBRARIES = YES;
				BUNDLE_LOADER = "$(TEST_HOST)";
				CODE_SIGN_STYLE = Automatic;
				CURRENT_PROJECT_VERSION = 1;
				DEVELOPMENT_TEAM = SNTB2L8C6Q;
				GENERATE_INFOPLIST_FILE = YES;
				IPHONEOS_DEPLOYMENT_TARGET = 15.5;
				MARKETING_VERSION = 1.0;
				PRODUCT_BUNDLE_IDENTIFIER = com.hcdev.LoginFeatuerTests;
				PRODUCT_NAME = "$(TARGET_NAME)";
				SWIFT_EMIT_LOC_STRINGS = NO;
				SWIFT_VERSION = 5.0;
				TARGETED_DEVICE_FAMILY = "1,2";
				TEST_HOST = "$(BUILT_PRODUCTS_DIR)/LoginFeatuer.app/LoginFeatuer";
			};
			name = Debug;
		};
		1F00764728F27BDD00119C5A /* Release */ = {
			isa = XCBuildConfiguration;
			buildSettings = {
				ALWAYS_EMBED_SWIFT_STANDARD_LIBRARIES = YES;
				BUNDLE_LOADER = "$(TEST_HOST)";
				CODE_SIGN_STYLE = Automatic;
				CURRENT_PROJECT_VERSION = 1;
				DEVELOPMENT_TEAM = SNTB2L8C6Q;
				GENERATE_INFOPLIST_FILE = YES;
				IPHONEOS_DEPLOYMENT_TARGET = 15.5;
				MARKETING_VERSION = 1.0;
				PRODUCT_BUNDLE_IDENTIFIER = com.hcdev.LoginFeatuerTests;
				PRODUCT_NAME = "$(TARGET_NAME)";
				SWIFT_EMIT_LOC_STRINGS = NO;
				SWIFT_VERSION = 5.0;
				TARGETED_DEVICE_FAMILY = "1,2";
				TEST_HOST = "$(BUILT_PRODUCTS_DIR)/LoginFeatuer.app/LoginFeatuer";
			};
			name = Release;
		};
		1F00764928F27BDD00119C5A /* Debug */ = {
			isa = XCBuildConfiguration;
			buildSettings = {
				ALWAYS_EMBED_SWIFT_STANDARD_LIBRARIES = YES;
				CODE_SIGN_STYLE = Automatic;
				CURRENT_PROJECT_VERSION = 1;
				DEVELOPMENT_TEAM = SNTB2L8C6Q;
				GENERATE_INFOPLIST_FILE = YES;
				MARKETING_VERSION = 1.0;
				PRODUCT_BUNDLE_IDENTIFIER = com.hcdev.LoginFeatuerUITests;
				PRODUCT_NAME = "$(TARGET_NAME)";
				SWIFT_EMIT_LOC_STRINGS = NO;
				SWIFT_VERSION = 5.0;
				TARGETED_DEVICE_FAMILY = "1,2";
				TEST_TARGET_NAME = LoginFeatuer;
			};
			name = Debug;
		};
		1F00764A28F27BDD00119C5A /* Release */ = {
			isa = XCBuildConfiguration;
			buildSettings = {
				ALWAYS_EMBED_SWIFT_STANDARD_LIBRARIES = YES;
				CODE_SIGN_STYLE = Automatic;
				CURRENT_PROJECT_VERSION = 1;
				DEVELOPMENT_TEAM = SNTB2L8C6Q;
				GENERATE_INFOPLIST_FILE = YES;
				MARKETING_VERSION = 1.0;
				PRODUCT_BUNDLE_IDENTIFIER = com.hcdev.LoginFeatuerUITests;
				PRODUCT_NAME = "$(TARGET_NAME)";
				SWIFT_EMIT_LOC_STRINGS = NO;
				SWIFT_VERSION = 5.0;
				TARGETED_DEVICE_FAMILY = "1,2";
				TEST_TARGET_NAME = LoginFeatuer;
			};
			name = Release;
		};
/* End XCBuildConfiguration section */

/* Begin XCConfigurationList section */
		1F00760728F27B7C00119C5A /* Build configuration list for PBXProject "Feature-Login" */ = {
			isa = XCConfigurationList;
			buildConfigurations = (
				1F00761228F27B7C00119C5A /* Debug */,
				1F00761328F27B7C00119C5A /* Release */,
			);
			defaultConfigurationIsVisible = 0;
			defaultConfigurationName = Release;
		};
		1F00761428F27B7C00119C5A /* Build configuration list for PBXNativeTarget "Feature-Login" */ = {
			isa = XCConfigurationList;
			buildConfigurations = (
				1F00761528F27B7C00119C5A /* Debug */,
				1F00761628F27B7C00119C5A /* Release */,
			);
			defaultConfigurationIsVisible = 0;
			defaultConfigurationName = Release;
		};
		1F00764228F27BDD00119C5A /* Build configuration list for PBXNativeTarget "LoginFeatuer" */ = {
			isa = XCConfigurationList;
			buildConfigurations = (
				1F00764328F27BDD00119C5A /* Debug */,
				1F00764428F27BDD00119C5A /* Release */,
			);
			defaultConfigurationIsVisible = 0;
			defaultConfigurationName = Release;
		};
		1F00764528F27BDD00119C5A /* Build configuration list for PBXNativeTarget "LoginFeatuerTests" */ = {
			isa = XCConfigurationList;
			buildConfigurations = (
				1F00764628F27BDD00119C5A /* Debug */,
				1F00764728F27BDD00119C5A /* Release */,
			);
			defaultConfigurationIsVisible = 0;
			defaultConfigurationName = Release;
		};
		1F00764828F27BDD00119C5A /* Build configuration list for PBXNativeTarget "LoginFeatuerUITests" */ = {
			isa = XCConfigurationList;
			buildConfigurations = (
				1F00764928F27BDD00119C5A /* Debug */,
				1F00764A28F27BDD00119C5A /* Release */,
			);
			defaultConfigurationIsVisible = 0;
			defaultConfigurationName = Release;
		};
/* End XCConfigurationList section */
	};
	rootObject = 1F00760428F27B7C00119C5A /* Project object */;
}
