// !$*UTF8*$!
{
	archiveVersion = 1;
	classes = {
	};
	objectVersion = 55;
	objects = {

/* Begin PBXBuildFile section */
		1FCBBFBB28EE9F66008329DF /* AppDelegate.swift in Sources */ = {isa = PBXBuildFile; fileRef = 1FCBBFBA28EE9F66008329DF /* AppDelegate.swift */; };
		1FCBBFBD28EE9F66008329DF /* SceneDelegate.swift in Sources */ = {isa = PBXBuildFile; fileRef = 1FCBBFBC28EE9F66008329DF /* SceneDelegate.swift */; };
		1FCBBFBF28EE9F66008329DF /* ViewController.swift in Sources */ = {isa = PBXBuildFile; fileRef = 1FCBBFBE28EE9F66008329DF /* ViewController.swift */; };
		1FCBBFC228EE9F66008329DF /* Main.storyboard in Resources */ = {isa = PBXBuildFile; fileRef = 1FCBBFC028EE9F66008329DF /* Main.storyboard */; };
		1FCBBFC428EE9F66008329DF /* Assets.xcassets in Resources */ = {isa = PBXBuildFile; fileRef = 1FCBBFC328EE9F66008329DF /* Assets.xcassets */; };
		1FCBBFC728EE9F66008329DF /* LaunchScreen.storyboard in Resources */ = {isa = PBXBuildFile; fileRef = 1FCBBFC528EE9F66008329DF /* LaunchScreen.storyboard */; };
		1FCBBFD228EE9F67008329DF /* LoginAppTests.swift in Sources */ = {isa = PBXBuildFile; fileRef = 1FCBBFD128EE9F67008329DF /* LoginAppTests.swift */; };
		1FCBBFDC28EE9F67008329DF /* LoginAppUITests.swift in Sources */ = {isa = PBXBuildFile; fileRef = 1FCBBFDB28EE9F67008329DF /* LoginAppUITests.swift */; };
		1FCBBFDE28EE9F67008329DF /* LoginAppUITestsLaunchTests.swift in Sources */ = {isa = PBXBuildFile; fileRef = 1FCBBFDD28EE9F67008329DF /* LoginAppUITestsLaunchTests.swift */; };
/* End PBXBuildFile section */

/* Begin PBXContainerItemProxy section */
		1FCBBFCE28EE9F67008329DF /* PBXContainerItemProxy */ = {
			isa = PBXContainerItemProxy;
			containerPortal = 1FCBBFAF28EE9F66008329DF /* Project object */;
			proxyType = 1;
			remoteGlobalIDString = 1FCBBFB628EE9F66008329DF;
			remoteInfo = LoginApp;
		};
		1FCBBFD828EE9F67008329DF /* PBXContainerItemProxy */ = {
			isa = PBXContainerItemProxy;
			containerPortal = 1FCBBFAF28EE9F66008329DF /* Project object */;
			proxyType = 1;
			remoteGlobalIDString = 1FCBBFB628EE9F66008329DF;
			remoteInfo = LoginApp;
		};
/* End PBXContainerItemProxy section */

/* Begin PBXFileReference section */
		1FCBBFB728EE9F66008329DF /* LoginApp.app */ = {isa = PBXFileReference; explicitFileType = wrapper.application; includeInIndex = 0; path = LoginApp.app; sourceTree = BUILT_PRODUCTS_DIR; };
		1FCBBFBA28EE9F66008329DF /* AppDelegate.swift */ = {isa = PBXFileReference; lastKnownFileType = sourcecode.swift; path = AppDelegate.swift; sourceTree = "<group>"; };
		1FCBBFBC28EE9F66008329DF /* SceneDelegate.swift */ = {isa = PBXFileReference; lastKnownFileType = sourcecode.swift; path = SceneDelegate.swift; sourceTree = "<group>"; };
		1FCBBFBE28EE9F66008329DF /* ViewController.swift */ = {isa = PBXFileReference; lastKnownFileType = sourcecode.swift; path = ViewController.swift; sourceTree = "<group>"; };
		1FCBBFC128EE9F66008329DF /* Base */ = {isa = PBXFileReference; lastKnownFileType = file.storyboard; name = Base; path = Base.lproj/Main.storyboard; sourceTree = "<group>"; };
		1FCBBFC328EE9F66008329DF /* Assets.xcassets */ = {isa = PBXFileReference; lastKnownFileType = folder.assetcatalog; path = Assets.xcassets; sourceTree = "<group>"; };
		1FCBBFC628EE9F66008329DF /* Base */ = {isa = PBXFileReference; lastKnownFileType = file.storyboard; name = Base; path = Base.lproj/LaunchScreen.storyboard; sourceTree = "<group>"; };
		1FCBBFC828EE9F66008329DF /* Info.plist */ = {isa = PBXFileReference; lastKnownFileType = text.plist.xml; path = Info.plist; sourceTree = "<group>"; };
		1FCBBFCD28EE9F67008329DF /* LoginAppTests.xctest */ = {isa = PBXFileReference; explicitFileType = wrapper.cfbundle; includeInIndex = 0; path = LoginAppTests.xctest; sourceTree = BUILT_PRODUCTS_DIR; };
		1FCBBFD128EE9F67008329DF /* LoginAppTests.swift */ = {isa = PBXFileReference; lastKnownFileType = sourcecode.swift; path = LoginAppTests.swift; sourceTree = "<group>"; };
		1FCBBFD728EE9F67008329DF /* LoginAppUITests.xctest */ = {isa = PBXFileReference; explicitFileType = wrapper.cfbundle; includeInIndex = 0; path = LoginAppUITests.xctest; sourceTree = BUILT_PRODUCTS_DIR; };
		1FCBBFDB28EE9F67008329DF /* LoginAppUITests.swift */ = {isa = PBXFileReference; lastKnownFileType = sourcecode.swift; path = LoginAppUITests.swift; sourceTree = "<group>"; };
		1FCBBFDD28EE9F67008329DF /* LoginAppUITestsLaunchTests.swift */ = {isa = PBXFileReference; lastKnownFileType = sourcecode.swift; path = LoginAppUITestsLaunchTests.swift; sourceTree = "<group>"; };
/* End PBXFileReference section */

/* Begin PBXFrameworksBuildPhase section */
		1FCBBFB428EE9F66008329DF /* Frameworks */ = {
			isa = PBXFrameworksBuildPhase;
			buildActionMask = 2147483647;
			files = (
			);
			runOnlyForDeploymentPostprocessing = 0;
		};
		1FCBBFCA28EE9F67008329DF /* Frameworks */ = {
			isa = PBXFrameworksBuildPhase;
			buildActionMask = 2147483647;
			files = (
			);
			runOnlyForDeploymentPostprocessing = 0;
		};
		1FCBBFD428EE9F67008329DF /* Frameworks */ = {
			isa = PBXFrameworksBuildPhase;
			buildActionMask = 2147483647;
			files = (
			);
			runOnlyForDeploymentPostprocessing = 0;
		};
/* End PBXFrameworksBuildPhase section */

/* Begin PBXGroup section */
		1FCBBFAE28EE9F66008329DF = {
			isa = PBXGroup;
			children = (
				1FCBBFB928EE9F66008329DF /* LoginApp */,
				1FCBBFD028EE9F67008329DF /* LoginAppTests */,
				1FCBBFDA28EE9F67008329DF /* LoginAppUITests */,
				1FCBBFB828EE9F66008329DF /* Products */,
			);
			sourceTree = "<group>";
		};
		1FCBBFB828EE9F66008329DF /* Products */ = {
			isa = PBXGroup;
			children = (
				1FCBBFB728EE9F66008329DF /* LoginApp.app */,
				1FCBBFCD28EE9F67008329DF /* LoginAppTests.xctest */,
				1FCBBFD728EE9F67008329DF /* LoginAppUITests.xctest */,
			);
			name = Products;
			sourceTree = "<group>";
		};
		1FCBBFB928EE9F66008329DF /* LoginApp */ = {
			isa = PBXGroup;
			children = (
				1FCBBFBA28EE9F66008329DF /* AppDelegate.swift */,
				1FCBBFBC28EE9F66008329DF /* SceneDelegate.swift */,
				1FCBBFBE28EE9F66008329DF /* ViewController.swift */,
				1FCBBFC028EE9F66008329DF /* Main.storyboard */,
				1FCBBFC328EE9F66008329DF /* Assets.xcassets */,
				1FCBBFC528EE9F66008329DF /* LaunchScreen.storyboard */,
				1FCBBFC828EE9F66008329DF /* Info.plist */,
			);
			path = LoginApp;
			sourceTree = "<group>";
		};
		1FCBBFD028EE9F67008329DF /* LoginAppTests */ = {
			isa = PBXGroup;
			children = (
				1FCBBFD128EE9F67008329DF /* LoginAppTests.swift */,
			);
			path = LoginAppTests;
			sourceTree = "<group>";
		};
		1FCBBFDA28EE9F67008329DF /* LoginAppUITests */ = {
			isa = PBXGroup;
			children = (
				1FCBBFDB28EE9F67008329DF /* LoginAppUITests.swift */,
				1FCBBFDD28EE9F67008329DF /* LoginAppUITestsLaunchTests.swift */,
			);
			path = LoginAppUITests;
			sourceTree = "<group>";
		};
/* End PBXGroup section */

/* Begin PBXNativeTarget section */
		1FCBBFB628EE9F66008329DF /* LoginApp */ = {
			isa = PBXNativeTarget;
			buildConfigurationList = 1FCBBFE128EE9F67008329DF /* Build configuration list for PBXNativeTarget "LoginApp" */;
			buildPhases = (
				1FCBBFB328EE9F66008329DF /* Sources */,
				1FCBBFB428EE9F66008329DF /* Frameworks */,
				1FCBBFB528EE9F66008329DF /* Resources */,
			);
			buildRules = (
			);
			dependencies = (
			);
			name = LoginApp;
			productName = LoginApp;
			productReference = 1FCBBFB728EE9F66008329DF /* LoginApp.app */;
			productType = "com.apple.product-type.application";
		};
		1FCBBFCC28EE9F67008329DF /* LoginAppTests */ = {
			isa = PBXNativeTarget;
			buildConfigurationList = 1FCBBFE428EE9F67008329DF /* Build configuration list for PBXNativeTarget "LoginAppTests" */;
			buildPhases = (
				1FCBBFC928EE9F67008329DF /* Sources */,
				1FCBBFCA28EE9F67008329DF /* Frameworks */,
				1FCBBFCB28EE9F67008329DF /* Resources */,
			);
			buildRules = (
			);
			dependencies = (
				1FCBBFCF28EE9F67008329DF /* PBXTargetDependency */,
			);
			name = LoginAppTests;
			productName = LoginAppTests;
			productReference = 1FCBBFCD28EE9F67008329DF /* LoginAppTests.xctest */;
			productType = "com.apple.product-type.bundle.unit-test";
		};
		1FCBBFD628EE9F67008329DF /* LoginAppUITests */ = {
			isa = PBXNativeTarget;
			buildConfigurationList = 1FCBBFE728EE9F67008329DF /* Build configuration list for PBXNativeTarget "LoginAppUITests" */;
			buildPhases = (
				1FCBBFD328EE9F67008329DF /* Sources */,
				1FCBBFD428EE9F67008329DF /* Frameworks */,
				1FCBBFD528EE9F67008329DF /* Resources */,
			);
			buildRules = (
			);
			dependencies = (
				1FCBBFD928EE9F67008329DF /* PBXTargetDependency */,
			);
			name = LoginAppUITests;
			productName = LoginAppUITests;
			productReference = 1FCBBFD728EE9F67008329DF /* LoginAppUITests.xctest */;
			productType = "com.apple.product-type.bundle.ui-testing";
		};
/* End PBXNativeTarget section */

/* Begin PBXProject section */
		1FCBBFAF28EE9F66008329DF /* Project object */ = {
			isa = PBXProject;
			attributes = {
				BuildIndependentTargetsInParallel = 1;
				LastSwiftUpdateCheck = 1340;
				LastUpgradeCheck = 1340;
				TargetAttributes = {
					1FCBBFB628EE9F66008329DF = {
						CreatedOnToolsVersion = 13.4.1;
					};
					1FCBBFCC28EE9F67008329DF = {
						CreatedOnToolsVersion = 13.4.1;
						TestTargetID = 1FCBBFB628EE9F66008329DF;
					};
					1FCBBFD628EE9F67008329DF = {
						CreatedOnToolsVersion = 13.4.1;
						TestTargetID = 1FCBBFB628EE9F66008329DF;
					};
				};
			};
			buildConfigurationList = 1FCBBFB228EE9F66008329DF /* Build configuration list for PBXProject "LoginApp" */;
			compatibilityVersion = "Xcode 13.0";
			developmentRegion = en;
			hasScannedForEncodings = 0;
			knownRegions = (
				en,
				Base,
			);
			mainGroup = 1FCBBFAE28EE9F66008329DF;
			productRefGroup = 1FCBBFB828EE9F66008329DF /* Products */;
			projectDirPath = "";
			projectRoot = "";
			targets = (
				1FCBBFB628EE9F66008329DF /* LoginApp */,
				1FCBBFCC28EE9F67008329DF /* LoginAppTests */,
				1FCBBFD628EE9F67008329DF /* LoginAppUITests */,
			);
		};
/* End PBXProject section */

/* Begin PBXResourcesBuildPhase section */
		1FCBBFB528EE9F66008329DF /* Resources */ = {
			isa = PBXResourcesBuildPhase;
			buildActionMask = 2147483647;
			files = (
				1FCBBFC728EE9F66008329DF /* LaunchScreen.storyboard in Resources */,
				1FCBBFC428EE9F66008329DF /* Assets.xcassets in Resources */,
				1FCBBFC228EE9F66008329DF /* Main.storyboard in Resources */,
			);
			runOnlyForDeploymentPostprocessing = 0;
		};
		1FCBBFCB28EE9F67008329DF /* Resources */ = {
			isa = PBXResourcesBuildPhase;
			buildActionMask = 2147483647;
			files = (
			);
			runOnlyForDeploymentPostprocessing = 0;
		};
		1FCBBFD528EE9F67008329DF /* Resources */ = {
			isa = PBXResourcesBuildPhase;
			buildActionMask = 2147483647;
			files = (
			);
			runOnlyForDeploymentPostprocessing = 0;
		};
/* End PBXResourcesBuildPhase section */

/* Begin PBXSourcesBuildPhase section */
		1FCBBFB328EE9F66008329DF /* Sources */ = {
			isa = PBXSourcesBuildPhase;
			buildActionMask = 2147483647;
			files = (
				1FCBBFBF28EE9F66008329DF /* ViewController.swift in Sources */,
				1FCBBFBB28EE9F66008329DF /* AppDelegate.swift in Sources */,
				1FCBBFBD28EE9F66008329DF /* SceneDelegate.swift in Sources */,
			);
			runOnlyForDeploymentPostprocessing = 0;
		};
		1FCBBFC928EE9F67008329DF /* Sources */ = {
			isa = PBXSourcesBuildPhase;
			buildActionMask = 2147483647;
			files = (
				1FCBBFD228EE9F67008329DF /* LoginAppTests.swift in Sources */,
			);
			runOnlyForDeploymentPostprocessing = 0;
		};
		1FCBBFD328EE9F67008329DF /* Sources */ = {
			isa = PBXSourcesBuildPhase;
			buildActionMask = 2147483647;
			files = (
				1FCBBFDE28EE9F67008329DF /* LoginAppUITestsLaunchTests.swift in Sources */,
				1FCBBFDC28EE9F67008329DF /* LoginAppUITests.swift in Sources */,
			);
			runOnlyForDeploymentPostprocessing = 0;
		};
/* End PBXSourcesBuildPhase section */

/* Begin PBXTargetDependency section */
		1FCBBFCF28EE9F67008329DF /* PBXTargetDependency */ = {
			isa = PBXTargetDependency;
			target = 1FCBBFB628EE9F66008329DF /* LoginApp */;
			targetProxy = 1FCBBFCE28EE9F67008329DF /* PBXContainerItemProxy */;
		};
		1FCBBFD928EE9F67008329DF /* PBXTargetDependency */ = {
			isa = PBXTargetDependency;
			target = 1FCBBFB628EE9F66008329DF /* LoginApp */;
			targetProxy = 1FCBBFD828EE9F67008329DF /* PBXContainerItemProxy */;
		};
/* End PBXTargetDependency section */

/* Begin PBXVariantGroup section */
		1FCBBFC028EE9F66008329DF /* Main.storyboard */ = {
			isa = PBXVariantGroup;
			children = (
				1FCBBFC128EE9F66008329DF /* Base */,
			);
			name = Main.storyboard;
			sourceTree = "<group>";
		};
		1FCBBFC528EE9F66008329DF /* LaunchScreen.storyboard */ = {
			isa = PBXVariantGroup;
			children = (
				1FCBBFC628EE9F66008329DF /* Base */,
			);
			name = LaunchScreen.storyboard;
			sourceTree = "<group>";
		};
/* End PBXVariantGroup section */

/* Begin XCBuildConfiguration section */
		1FCBBFDF28EE9F67008329DF /* Debug */ = {
			isa = XCBuildConfiguration;
			buildSettings = {
				ALWAYS_SEARCH_USER_PATHS = NO;
				CLANG_ANALYZER_NONNULL = YES;
				CLANG_ANALYZER_NUMBER_OBJECT_CONVERSION = YES_AGGRESSIVE;
				CLANG_CXX_LANGUAGE_STANDARD = "gnu++17";
				CLANG_ENABLE_MODULES = YES;
				CLANG_ENABLE_OBJC_ARC = YES;
				CLANG_ENABLE_OBJC_WEAK = YES;
				CLANG_WARN_BLOCK_CAPTURE_AUTORELEASING = YES;
				CLANG_WARN_BOOL_CONVERSION = YES;
				CLANG_WARN_COMMA = YES;
				CLANG_WARN_CONSTANT_CONVERSION = YES;
				CLANG_WARN_DEPRECATED_OBJC_IMPLEMENTATIONS = YES;
				CLANG_WARN_DIRECT_OBJC_ISA_USAGE = YES_ERROR;
				CLANG_WARN_DOCUMENTATION_COMMENTS = YES;
				CLANG_WARN_EMPTY_BODY = YES;
				CLANG_WARN_ENUM_CONVERSION = YES;
				CLANG_WARN_INFINITE_RECURSION = YES;
				CLANG_WARN_INT_CONVERSION = YES;
				CLANG_WARN_NON_LITERAL_NULL_CONVERSION = YES;
				CLANG_WARN_OBJC_IMPLICIT_RETAIN_SELF = YES;
				CLANG_WARN_OBJC_LITERAL_CONVERSION = YES;
				CLANG_WARN_OBJC_ROOT_CLASS = YES_ERROR;
				CLANG_WARN_QUOTED_INCLUDE_IN_FRAMEWORK_HEADER = YES;
				CLANG_WARN_RANGE_LOOP_ANALYSIS = YES;
				CLANG_WARN_STRICT_PROTOTYPES = YES;
				CLANG_WARN_SUSPICIOUS_MOVE = YES;
				CLANG_WARN_UNGUARDED_AVAILABILITY = YES_AGGRESSIVE;
				CLANG_WARN_UNREACHABLE_CODE = YES;
				CLANG_WARN__DUPLICATE_METHOD_MATCH = YES;
				COPY_PHASE_STRIP = NO;
				DEBUG_INFORMATION_FORMAT = dwarf;
				ENABLE_STRICT_OBJC_MSGSEND = YES;
				ENABLE_TESTABILITY = YES;
				GCC_C_LANGUAGE_STANDARD = gnu11;
				GCC_DYNAMIC_NO_PIC = NO;
				GCC_NO_COMMON_BLOCKS = YES;
				GCC_OPTIMIZATION_LEVEL = 0;
				GCC_PREPROCESSOR_DEFINITIONS = (
					"DEBUG=1",
					"$(inherited)",
				);
				GCC_WARN_64_TO_32_BIT_CONVERSION = YES;
				GCC_WARN_ABOUT_RETURN_TYPE = YES_ERROR;
				GCC_WARN_UNDECLARED_SELECTOR = YES;
				GCC_WARN_UNINITIALIZED_AUTOS = YES_AGGRESSIVE;
				GCC_WARN_UNUSED_FUNCTION = YES;
				GCC_WARN_UNUSED_VARIABLE = YES;
				IPHONEOS_DEPLOYMENT_TARGET = 15.5;
				MTL_ENABLE_DEBUG_INFO = INCLUDE_SOURCE;
				MTL_FAST_MATH = YES;
				ONLY_ACTIVE_ARCH = YES;
				SDKROOT = iphoneos;
				SWIFT_ACTIVE_COMPILATION_CONDITIONS = DEBUG;
				SWIFT_OPTIMIZATION_LEVEL = "-Onone";
			};
			name = Debug;
		};
		1FCBBFE028EE9F67008329DF /* Release */ = {
			isa = XCBuildConfiguration;
			buildSettings = {
				ALWAYS_SEARCH_USER_PATHS = NO;
				CLANG_ANALYZER_NONNULL = YES;
				CLANG_ANALYZER_NUMBER_OBJECT_CONVERSION = YES_AGGRESSIVE;
				CLANG_CXX_LANGUAGE_STANDARD = "gnu++17";
				CLANG_ENABLE_MODULES = YES;
				CLANG_ENABLE_OBJC_ARC = YES;
				CLANG_ENABLE_OBJC_WEAK = YES;
				CLANG_WARN_BLOCK_CAPTURE_AUTORELEASING = YES;
				CLANG_WARN_BOOL_CONVERSION = YES;
				CLANG_WARN_COMMA = YES;
				CLANG_WARN_CONSTANT_CONVERSION = YES;
				CLANG_WARN_DEPRECATED_OBJC_IMPLEMENTATIONS = YES;
				CLANG_WARN_DIRECT_OBJC_ISA_USAGE = YES_ERROR;
				CLANG_WARN_DOCUMENTATION_COMMENTS = YES;
				CLANG_WARN_EMPTY_BODY = YES;
				CLANG_WARN_ENUM_CONVERSION = YES;
				CLANG_WARN_INFINITE_RECURSION = YES;
				CLANG_WARN_INT_CONVERSION = YES;
				CLANG_WARN_NON_LITERAL_NULL_CONVERSION = YES;
				CLANG_WARN_OBJC_IMPLICIT_RETAIN_SELF = YES;
				CLANG_WARN_OBJC_LITERAL_CONVERSION = YES;
				CLANG_WARN_OBJC_ROOT_CLASS = YES_ERROR;
				CLANG_WARN_QUOTED_INCLUDE_IN_FRAMEWORK_HEADER = YES;
				CLANG_WARN_RANGE_LOOP_ANALYSIS = YES;
				CLANG_WARN_STRICT_PROTOTYPES = YES;
				CLANG_WARN_SUSPICIOUS_MOVE = YES;
				CLANG_WARN_UNGUARDED_AVAILABILITY = YES_AGGRESSIVE;
				CLANG_WARN_UNREACHABLE_CODE = YES;
				CLANG_WARN__DUPLICATE_METHOD_MATCH = YES;
				COPY_PHASE_STRIP = NO;
				DEBUG_INFORMATION_FORMAT = "dwarf-with-dsym";
				ENABLE_NS_ASSERTIONS = NO;
				ENABLE_STRICT_OBJC_MSGSEND = YES;
				GCC_C_LANGUAGE_STANDARD = gnu11;
				GCC_NO_COMMON_BLOCKS = YES;
				GCC_WARN_64_TO_32_BIT_CONVERSION = YES;
				GCC_WARN_ABOUT_RETURN_TYPE = YES_ERROR;
				GCC_WARN_UNDECLARED_SELECTOR = YES;
				GCC_WARN_UNINITIALIZED_AUTOS = YES_AGGRESSIVE;
				GCC_WARN_UNUSED_FUNCTION = YES;
				GCC_WARN_UNUSED_VARIABLE = YES;
				IPHONEOS_DEPLOYMENT_TARGET = 15.5;
				MTL_ENABLE_DEBUG_INFO = NO;
				MTL_FAST_MATH = YES;
				SDKROOT = iphoneos;
				SWIFT_COMPILATION_MODE = wholemodule;
				SWIFT_OPTIMIZATION_LEVEL = "-O";
				VALIDATE_PRODUCT = YES;
			};
			name = Release;
		};
		1FCBBFE228EE9F67008329DF /* Debug */ = {
			isa = XCBuildConfiguration;
			buildSettings = {
				ASSETCATALOG_COMPILER_APPICON_NAME = AppIcon;
				ASSETCATALOG_COMPILER_GLOBAL_ACCENT_COLOR_NAME = AccentColor;
				CODE_SIGN_STYLE = Automatic;
				CURRENT_PROJECT_VERSION = 1;
				DEVELOPMENT_TEAM = SNTB2L8C6Q;
				GENERATE_INFOPLIST_FILE = YES;
				INFOPLIST_FILE = LoginApp/Info.plist;
				INFOPLIST_KEY_UIApplicationSupportsIndirectInputEvents = YES;
				INFOPLIST_KEY_UILaunchStoryboardName = LaunchScreen;
				INFOPLIST_KEY_UIMainStoryboardFile = Main;
				INFOPLIST_KEY_UISupportedInterfaceOrientations_iPad = "UIInterfaceOrientationPortrait UIInterfaceOrientationPortraitUpsideDown UIInterfaceOrientationLandscapeLeft UIInterfaceOrientationLandscapeRight";
				INFOPLIST_KEY_UISupportedInterfaceOrientations_iPhone = "UIInterfaceOrientationPortrait UIInterfaceOrientationLandscapeLeft UIInterfaceOrientationLandscapeRight";
				LD_RUNPATH_SEARCH_PATHS = (
					"$(inherited)",
					"@executable_path/Frameworks",
				);
				MARKETING_VERSION = 1.0;
				PRODUCT_BUNDLE_IDENTIFIER = com.hcdev.LoginApp;
				PRODUCT_NAME = "$(TARGET_NAME)";
				SWIFT_EMIT_LOC_STRINGS = YES;
				SWIFT_VERSION = 5.0;
				TARGETED_DEVICE_FAMILY = "1,2";
			};
			name = Debug;
		};
		1FCBBFE328EE9F67008329DF /* Release */ = {
			isa = XCBuildConfiguration;
			buildSettings = {
				ASSETCATALOG_COMPILER_APPICON_NAME = AppIcon;
				ASSETCATALOG_COMPILER_GLOBAL_ACCENT_COLOR_NAME = AccentColor;
				CODE_SIGN_STYLE = Automatic;
				CURRENT_PROJECT_VERSION = 1;
				DEVELOPMENT_TEAM = SNTB2L8C6Q;
				GENERATE_INFOPLIST_FILE = YES;
				INFOPLIST_FILE = LoginApp/Info.plist;
				INFOPLIST_KEY_UIApplicationSupportsIndirectInputEvents = YES;
				INFOPLIST_KEY_UILaunchStoryboardName = LaunchScreen;
				INFOPLIST_KEY_UIMainStoryboardFile = Main;
				INFOPLIST_KEY_UISupportedInterfaceOrientations_iPad = "UIInterfaceOrientationPortrait UIInterfaceOrientationPortraitUpsideDown UIInterfaceOrientationLandscapeLeft UIInterfaceOrientationLandscapeRight";
				INFOPLIST_KEY_UISupportedInterfaceOrientations_iPhone = "UIInterfaceOrientationPortrait UIInterfaceOrientationLandscapeLeft UIInterfaceOrientationLandscapeRight";
				LD_RUNPATH_SEARCH_PATHS = (
					"$(inherited)",
					"@executable_path/Frameworks",
				);
				MARKETING_VERSION = 1.0;
				PRODUCT_BUNDLE_IDENTIFIER = com.hcdev.LoginApp;
				PRODUCT_NAME = "$(TARGET_NAME)";
				SWIFT_EMIT_LOC_STRINGS = YES;
				SWIFT_VERSION = 5.0;
				TARGETED_DEVICE_FAMILY = "1,2";
			};
			name = Release;
		};
		1FCBBFE528EE9F67008329DF /* Debug */ = {
			isa = XCBuildConfiguration;
			buildSettings = {
				ALWAYS_EMBED_SWIFT_STANDARD_LIBRARIES = YES;
				BUNDLE_LOADER = "$(TEST_HOST)";
				CODE_SIGN_STYLE = Automatic;
				CURRENT_PROJECT_VERSION = 1;
				DEVELOPMENT_TEAM = SNTB2L8C6Q;
				GENERATE_INFOPLIST_FILE = YES;
				IPHONEOS_DEPLOYMENT_TARGET = 15.5;
				MARKETING_VERSION = 1.0;
				PRODUCT_BUNDLE_IDENTIFIER = com.hcdev.LoginAppTests;
				PRODUCT_NAME = "$(TARGET_NAME)";
				SWIFT_EMIT_LOC_STRINGS = NO;
				SWIFT_VERSION = 5.0;
				TARGETED_DEVICE_FAMILY = "1,2";
				TEST_HOST = "$(BUILT_PRODUCTS_DIR)/LoginApp.app/LoginApp";
			};
			name = Debug;
		};
		1FCBBFE628EE9F67008329DF /* Release */ = {
			isa = XCBuildConfiguration;
			buildSettings = {
				ALWAYS_EMBED_SWIFT_STANDARD_LIBRARIES = YES;
				BUNDLE_LOADER = "$(TEST_HOST)";
				CODE_SIGN_STYLE = Automatic;
				CURRENT_PROJECT_VERSION = 1;
				DEVELOPMENT_TEAM = SNTB2L8C6Q;
				GENERATE_INFOPLIST_FILE = YES;
				IPHONEOS_DEPLOYMENT_TARGET = 15.5;
				MARKETING_VERSION = 1.0;
				PRODUCT_BUNDLE_IDENTIFIER = com.hcdev.LoginAppTests;
				PRODUCT_NAME = "$(TARGET_NAME)";
				SWIFT_EMIT_LOC_STRINGS = NO;
				SWIFT_VERSION = 5.0;
				TARGETED_DEVICE_FAMILY = "1,2";
				TEST_HOST = "$(BUILT_PRODUCTS_DIR)/LoginApp.app/LoginApp";
			};
			name = Release;
		};
		1FCBBFE828EE9F67008329DF /* Debug */ = {
			isa = XCBuildConfiguration;
			buildSettings = {
				ALWAYS_EMBED_SWIFT_STANDARD_LIBRARIES = YES;
				CODE_SIGN_STYLE = Automatic;
				CURRENT_PROJECT_VERSION = 1;
				DEVELOPMENT_TEAM = SNTB2L8C6Q;
				GENERATE_INFOPLIST_FILE = YES;
				MARKETING_VERSION = 1.0;
				PRODUCT_BUNDLE_IDENTIFIER = com.hcdev.LoginAppUITests;
				PRODUCT_NAME = "$(TARGET_NAME)";
				SWIFT_EMIT_LOC_STRINGS = NO;
				SWIFT_VERSION = 5.0;
				TARGETED_DEVICE_FAMILY = "1,2";
				TEST_TARGET_NAME = LoginApp;
			};
			name = Debug;
		};
		1FCBBFE928EE9F67008329DF /* Release */ = {
			isa = XCBuildConfiguration;
			buildSettings = {
				ALWAYS_EMBED_SWIFT_STANDARD_LIBRARIES = YES;
				CODE_SIGN_STYLE = Automatic;
				CURRENT_PROJECT_VERSION = 1;
				DEVELOPMENT_TEAM = SNTB2L8C6Q;
				GENERATE_INFOPLIST_FILE = YES;
				MARKETING_VERSION = 1.0;
				PRODUCT_BUNDLE_IDENTIFIER = com.hcdev.LoginAppUITests;
				PRODUCT_NAME = "$(TARGET_NAME)";
				SWIFT_EMIT_LOC_STRINGS = NO;
				SWIFT_VERSION = 5.0;
				TARGETED_DEVICE_FAMILY = "1,2";
				TEST_TARGET_NAME = LoginApp;
			};
			name = Release;
		};
/* End XCBuildConfiguration section */

/* Begin XCConfigurationList section */
		1FCBBFB228EE9F66008329DF /* Build configuration list for PBXProject "LoginApp" */ = {
			isa = XCConfigurationList;
			buildConfigurations = (
				1FCBBFDF28EE9F67008329DF /* Debug */,
				1FCBBFE028EE9F67008329DF /* Release */,
			);
			defaultConfigurationIsVisible = 0;
			defaultConfigurationName = Release;
		};
		1FCBBFE128EE9F67008329DF /* Build configuration list for PBXNativeTarget "LoginApp" */ = {
			isa = XCConfigurationList;
			buildConfigurations = (
				1FCBBFE228EE9F67008329DF /* Debug */,
				1FCBBFE328EE9F67008329DF /* Release */,
			);
			defaultConfigurationIsVisible = 0;
			defaultConfigurationName = Release;
		};
		1FCBBFE428EE9F67008329DF /* Build configuration list for PBXNativeTarget "LoginAppTests" */ = {
			isa = XCConfigurationList;
			buildConfigurations = (
				1FCBBFE528EE9F67008329DF /* Debug */,
				1FCBBFE628EE9F67008329DF /* Release */,
			);
			defaultConfigurationIsVisible = 0;
			defaultConfigurationName = Release;
		};
		1FCBBFE728EE9F67008329DF /* Build configuration list for PBXNativeTarget "LoginAppUITests" */ = {
			isa = XCConfigurationList;
			buildConfigurations = (
				1FCBBFE828EE9F67008329DF /* Debug */,
				1FCBBFE928EE9F67008329DF /* Release */,
			);
			defaultConfigurationIsVisible = 0;
			defaultConfigurationName = Release;
		};
/* End XCConfigurationList section */
	};
	rootObject = 1FCBBFAF28EE9F66008329DF /* Project object */;
}
